
Microsoft Visual Studio Solution File, Format Version 12.00
Project("{2150E333-8FDC-42A3-9474-1A3956D46DE8}") = "User.Microservice", "User.Microservice", "{319DFFD4-5C78-4508-9CB3-0BB8072B4E1F}"
EndProject
Project("{2150E333-8FDC-42A3-9474-1A3956D46DE8}") = "src", "src", "{A8239548-6E80-43F3-ADA2-950E25B273B3}"
EndProject
Project("{FAE04EC0-301F-11D3-BF4B-00C04F79EFBC}") = "WebApi", "User.Microservice\src\WebApi\WebApi.csproj", "{492E3D48-880D-4A51-9543-364359E88CF7}"
EndProject
Project("{FAE04EC0-301F-11D3-BF4B-00C04F79EFBC}") = "Infrastructure", "User.Microservice\src\Infrastructure\Infrastructure.csproj", "{BD023EA0-5F4E-45C7-9FB3-46F797093710}"
EndProject
Project("{FAE04EC0-301F-11D3-BF4B-00C04F79EFBC}") = "Domain", "User.Microservice\src\Domain\Domain.csproj", "{97F06067-CAF5-4C5E-A843-B0058C0FE339}"
EndProject
Project("{FAE04EC0-301F-11D3-BF4B-00C04F79EFBC}") = "Application", "User.Microservice\src\Application\Application.csproj", "{53795E0E-3206-4903-8EDE-1728EC28107F}"
EndProject
Project("{2150E333-8FDC-42A3-9474-1A3956D46DE8}") = "Guest.Microservice", "Guest.Microservice", "{0A2F266E-59E0-4603-9974-713EEAD400B0}"
EndProject
Project("{2150E333-8FDC-42A3-9474-1A3956D46DE8}") = "src", "src", "{AB51AB09-3BBE-4ED5-A453-1454C86E415E}"
EndProject
Project("{FAE04EC0-301F-11D3-BF4B-00C04F79EFBC}") = "WebApi", "Guest.Microservice\src\WebApi\WebApi.csproj", "{EBDFF4AE-982A-4E03-B867-080FB33869D8}"
EndProject
Project("{FAE04EC0-301F-11D3-BF4B-00C04F79EFBC}") = "Infrastructure", "Guest.Microservice\src\Infrastructure\Infrastructure.csproj", "{B0CA9AEA-5552-4F28-944F-8CAF3FCF55AE}"
EndProject
Project("{FAE04EC0-301F-11D3-BF4B-00C04F79EFBC}") = "Domain", "Guest.Microservice\src\Domain\Domain.csproj", "{A6091336-F461-43C4-A98D-30AB04A5711E}"
EndProject
Project("{FAE04EC0-301F-11D3-BF4B-00C04F79EFBC}") = "Application", "Guest.Microservice\src\Application\Application.csproj", "{5B85A6E1-71C6-40B2-93DA-6BA37719D647}"
EndProject
Project("{FAE04EC0-301F-11D3-BF4B-00C04F79EFBC}") = "SharedLibrary", "SharedLibrary\SharedLibrary.csproj", "{42960AD1-0302-4274-8639-DA218F8FEB0C}"
EndProject
Global
	GlobalSection(SolutionConfigurationPlatforms) = preSolution
		Debug|Any CPU = Debug|Any CPU
		Release|Any CPU = Release|Any CPU
	EndGlobalSection
	GlobalSection(NestedProjects) = preSolution
		{A8239548-6E80-43F3-ADA2-950E25B273B3} = {319DFFD4-5C78-4508-9CB3-0BB8072B4E1F}
		{492E3D48-880D-4A51-9543-364359E88CF7} = {A8239548-6E80-43F3-ADA2-950E25B273B3}
		{BD023EA0-5F4E-45C7-9FB3-46F797093710} = {A8239548-6E80-43F3-ADA2-950E25B273B3}
		{97F06067-CAF5-4C5E-A843-B0058C0FE339} = {A8239548-6E80-43F3-ADA2-950E25B273B3}
		{53795E0E-3206-4903-8EDE-1728EC28107F} = {A8239548-6E80-43F3-ADA2-950E25B273B3}
		{AB51AB09-3BBE-4ED5-A453-1454C86E415E} = {0A2F266E-59E0-4603-9974-713EEAD400B0}
		{EBDFF4AE-982A-4E03-B867-080FB33869D8} = {AB51AB09-3BBE-4ED5-A453-1454C86E415E}
		{B0CA9AEA-5552-4F28-944F-8CAF3FCF55AE} = {AB51AB09-3BBE-4ED5-A453-1454C86E415E}
		{A6091336-F461-43C4-A98D-30AB04A5711E} = {AB51AB09-3BBE-4ED5-A453-1454C86E415E}
		{5B85A6E1-71C6-40B2-93DA-6BA37719D647} = {AB51AB09-3BBE-4ED5-A453-1454C86E415E}
	EndGlobalSection
	GlobalSection(ProjectConfigurationPlatforms) = postSolution
		{492E3D48-880D-4A51-9543-364359E88CF7}.Debug|Any CPU.ActiveCfg = Debug|Any CPU
		{492E3D48-880D-4A51-9543-364359E88CF7}.Debug|Any CPU.Build.0 = Debug|Any CPU
		{492E3D48-880D-4A51-9543-364359E88CF7}.Release|Any CPU.ActiveCfg = Release|Any CPU
		{492E3D48-880D-4A51-9543-364359E88CF7}.Release|Any CPU.Build.0 = Release|Any CPU
		{BD023EA0-5F4E-45C7-9FB3-46F797093710}.Debug|Any CPU.ActiveCfg = Debug|Any CPU
		{BD023EA0-5F4E-45C7-9FB3-46F797093710}.Debug|Any CPU.Build.0 = Debug|Any CPU
		{BD023EA0-5F4E-45C7-9FB3-46F797093710}.Release|Any CPU.ActiveCfg = Release|Any CPU
		{BD023EA0-5F4E-45C7-9FB3-46F797093710}.Release|Any CPU.Build.0 = Release|Any CPU
		{97F06067-CAF5-4C5E-A843-B0058C0FE339}.Debug|Any CPU.ActiveCfg = Debug|Any CPU
		{97F06067-CAF5-4C5E-A843-B0058C0FE339}.Debug|Any CPU.Build.0 = Debug|Any CPU
		{97F06067-CAF5-4C5E-A843-B0058C0FE339}.Release|Any CPU.ActiveCfg = Release|Any CPU
		{97F06067-CAF5-4C5E-A843-B0058C0FE339}.Release|Any CPU.Build.0 = Release|Any CPU
		{53795E0E-3206-4903-8EDE-1728EC28107F}.Debug|Any CPU.ActiveCfg = Debug|Any CPU
		{53795E0E-3206-4903-8EDE-1728EC28107F}.Debug|Any CPU.Build.0 = Debug|Any CPU
		{53795E0E-3206-4903-8EDE-1728EC28107F}.Release|Any CPU.ActiveCfg = Release|Any CPU
		{53795E0E-3206-4903-8EDE-1728EC28107F}.Release|Any CPU.Build.0 = Release|Any CPU
		{EBDFF4AE-982A-4E03-B867-080FB33869D8}.Debug|Any CPU.ActiveCfg = Debug|Any CPU
		{EBDFF4AE-982A-4E03-B867-080FB33869D8}.Debug|Any CPU.Build.0 = Debug|Any CPU
		{EBDFF4AE-982A-4E03-B867-080FB33869D8}.Release|Any CPU.ActiveCfg = Release|Any CPU
		{EBDFF4AE-982A-4E03-B867-080FB33869D8}.Release|Any CPU.Build.0 = Release|Any CPU
		{B0CA9AEA-5552-4F28-944F-8CAF3FCF55AE}.Debug|Any CPU.ActiveCfg = Debug|Any CPU
		{B0CA9AEA-5552-4F28-944F-8CAF3FCF55AE}.Debug|Any CPU.Build.0 = Debug|Any CPU
		{B0CA9AEA-5552-4F28-944F-8CAF3FCF55AE}.Release|Any CPU.ActiveCfg = Release|Any CPU
		{B0CA9AEA-5552-4F28-944F-8CAF3FCF55AE}.Release|Any CPU.Build.0 = Release|Any CPU
		{A6091336-F461-43C4-A98D-30AB04A5711E}.Debug|Any CPU.ActiveCfg = Debug|Any CPU
		{A6091336-F461-43C4-A98D-30AB04A5711E}.Debug|Any CPU.Build.0 = Debug|Any CPU
		{A6091336-F461-43C4-A98D-30AB04A5711E}.Release|Any CPU.ActiveCfg = Release|Any CPU
		{A6091336-F461-43C4-A98D-30AB04A5711E}.Release|Any CPU.Build.0 = Release|Any CPU
		{5B85A6E1-71C6-40B2-93DA-6BA37719D647}.Debug|Any CPU.ActiveCfg = Debug|Any CPU
		{5B85A6E1-71C6-40B2-93DA-6BA37719D647}.Debug|Any CPU.Build.0 = Debug|Any CPU
		{5B85A6E1-71C6-40B2-93DA-6BA37719D647}.Release|Any CPU.ActiveCfg = Release|Any CPU
		{5B85A6E1-71C6-40B2-93DA-6BA37719D647}.Release|Any CPU.Build.0 = Release|Any CPU
		{42960AD1-0302-4274-8639-DA218F8FEB0C}.Debug|Any CPU.ActiveCfg = Debug|Any CPU
		{42960AD1-0302-4274-8639-DA218F8FEB0C}.Debug|Any CPU.Build.0 = Debug|Any CPU
		{42960AD1-0302-4274-8639-DA218F8FEB0C}.Release|Any CPU.ActiveCfg = Release|Any CPU
		{42960AD1-0302-4274-8639-DA218F8FEB0C}.Release|Any CPU.Build.0 = Release|Any CPU
	EndGlobalSection
EndGlobal
