
Microsoft Visual Studio Solution File, Format Version 12.00
Project("{2150E333-8FDC-42A3-9474-1A3956D46DE8}") = "User.Microservice", "User.Microservice", "{319DFFD4-5C78-4508-9CB3-0BB8072B4E1F}"
EndProject
Project("{2150E333-8FDC-42A3-9474-1A3956D46DE8}") = "src", "src", "{A8239548-6E80-43F3-ADA2-950E25B273B3}"
EndProject
Project("{FAE04EC0-301F-11D3-BF4B-00C04F79EFBC}") = "WebApi", "User.Microservice\src\WebApi\WebApi.csproj", "{492E3D48-880D-4A51-9543-364359E88CF7}"
EndProject
Project("{FAE04EC0-301F-11D3-BF4B-00C04F79EFBC}") = "Infrastructure", "User.Microservice\src\Infrastructure\Infrastructure.csproj", "{BD023EA0-5F4E-45C7-9FB3-46F797093710}"
EndProject
Project("{FAE04EC0-301F-11D3-BF4B-00C04F79EFBC}") = "Domain", "User.Microservice\src\Domain\Domain.csproj", "{97F06067-CAF5-4C5E-A843-B0058C0FE339}"
EndProject
Project("{FAE04EC0-301F-11D3-BF4B-00C04F79EFBC}") = "Application", "User.Microservice\src\Application\Application.csproj", "{53795E0E-3206-4903-8EDE-1728EC28107F}"
EndProject
Project("{2150E333-8FDC-42A3-9474-1A3956D46DE8}") = "Guest.Microservice", "Guest.Microservice", "{0A2F266E-59E0-4603-9974-713EEAD400B0}"
EndProject
Project("{2150E333-8FDC-42A3-9474-1A3956D46DE8}") = "src", "src", "{AB51AB09-3BBE-4ED5-A453-1454C86E415E}"
EndProject
Project("{FAE04EC0-301F-11D3-BF4B-00C04F79EFBC}") = "WebApi", "Guest.Microservice\src\WebApi\WebApi.csproj", "{EBDFF4AE-982A-4E03-B867-080FB33869D8}"
EndProject
Project("{FAE04EC0-301F-11D3-BF4B-00C04F79EFBC}") = "Infrastructure", "Guest.Microservice\src\Infrastructure\Infrastructure.csproj", "{B0CA9AEA-5552-4F28-944F-8CAF3FCF55AE}"
EndProject
Project("{FAE04EC0-301F-11D3-BF4B-00C04F79EFBC}") = "Domain", "Guest.Microservice\src\Domain\Domain.csproj", "{A6091336-F461-43C4-A98D-30AB04A5711E}"
EndProject
Project("{FAE04EC0-301F-11D3-BF4B-00C04F79EFBC}") = "Application", "Guest.Microservice\src\Application\Application.csproj", "{5B85A6E1-71C6-40B2-93DA-6BA37719D647}"
EndProject
Project("{FAE04EC0-301F-11D3-BF4B-00C04F79EFBC}") = "SharedLibrary", "SharedLibrary\SharedLibrary.csproj", "{42960AD1-0302-4274-8639-DA218F8FEB0C}"
EndProject
Project("{2150E333-8FDC-42A3-9474-1A3956D46DE8}") = "Authentication.Microservice", "Authentication.Microservice", "{5D5A559D-416D-4FE6-95CB-FE74A4C9B9F3}"
EndProject
Project("{2150E333-8FDC-42A3-9474-1A3956D46DE8}") = "src", "src", "{17FBFE8C-486B-4356-8F20-8EC47F0B41E8}"
EndProject
Project("{FAE04EC0-301F-11D3-BF4B-00C04F79EFBC}") = "Application", "Authentication.Microservice\src\Application\Application.csproj", "{5C87224C-9469-4594-95DD-6E462DE6A473}"
EndProject
Project("{FAE04EC0-301F-11D3-BF4B-00C04F79EFBC}") = "Domain", "Authentication.Microservice\src\Domain\Domain.csproj", "{061A6A9E-15BF-4A35-93C7-94544F155C3F}"
EndProject
Project("{FAE04EC0-301F-11D3-BF4B-00C04F79EFBC}") = "Infrastructure", "Authentication.Microservice\src\Infrastructure\Infrastructure.csproj", "{667ADEC9-49E0-4C12-B7E0-644B3D3B835D}"
EndProject
Project("{FAE04EC0-301F-11D3-BF4B-00C04F79EFBC}") = "WebApi", "Authentication.Microservice\src\WebApi\WebApi.csproj", "{1EFFE2B6-FC1F-45EE-9CA0-D4A77F8C4974}"
EndProject
Project("{2150E333-8FDC-42A3-9474-1A3956D46DE8}") = "Coach.Microservice", "Coach.Microservice", "{7BCDD2B1-E753-4CE9-87CA-B9DD9BBEF348}"
EndProject
Project("{2150E333-8FDC-42A3-9474-1A3956D46DE8}") = "src", "src", "{85115193-7767-4C55-8A02-8EA6AC987C8B}"
EndProject
Project("{2150E333-8FDC-42A3-9474-1A3956D46DE8}") = "test", "test", "{644D0020-7168-49B3-BBE4-6618209AB562}"
	ProjectSection(SolutionItems) = preProject
		Coach.Microservice\test\Build\bin\Debug\net9.0\.msCoverageSourceRootsMapping_test = Coach.Microservice\test\Build\bin\Debug\net9.0\.msCoverageSourceRootsMapping_test
		Coach.Microservice\test\Build\bin\Debug\net9.0\Application.dll = Coach.Microservice\test\Build\bin\Debug\net9.0\Application.dll
		Coach.Microservice\test\Build\bin\Debug\net9.0\Application.pdb = Coach.Microservice\test\Build\bin\Debug\net9.0\Application.pdb
		Coach.Microservice\test\Build\bin\Debug\net9.0\appsettings.Development.json = Coach.Microservice\test\Build\bin\Debug\net9.0\appsettings.Development.json
		Coach.Microservice\test\Build\bin\Debug\net9.0\appsettings.json = Coach.Microservice\test\Build\bin\Debug\net9.0\appsettings.json
		Coach.Microservice\test\Build\bin\Debug\net9.0\Castle.Core.dll = Coach.Microservice\test\Build\bin\Debug\net9.0\Castle.Core.dll
		Coach.Microservice\test\Build\bin\Debug\net9.0\CoverletSourceRootsMapping_test = Coach.Microservice\test\Build\bin\Debug\net9.0\CoverletSourceRootsMapping_test
		Coach.Microservice\test\Build\bin\Debug\net9.0\cs\Microsoft.TestPlatform.CommunicationUtilities.resources.dll = Coach.Microservice\test\Build\bin\Debug\net9.0\cs\Microsoft.TestPlatform.CommunicationUtilities.resources.dll
		Coach.Microservice\test\Build\bin\Debug\net9.0\cs\Microsoft.TestPlatform.CoreUtilities.resources.dll = Coach.Microservice\test\Build\bin\Debug\net9.0\cs\Microsoft.TestPlatform.CoreUtilities.resources.dll
		Coach.Microservice\test\Build\bin\Debug\net9.0\cs\Microsoft.TestPlatform.CrossPlatEngine.resources.dll = Coach.Microservice\test\Build\bin\Debug\net9.0\cs\Microsoft.TestPlatform.CrossPlatEngine.resources.dll
		Coach.Microservice\test\Build\bin\Debug\net9.0\cs\Microsoft.VisualStudio.TestPlatform.Common.resources.dll = Coach.Microservice\test\Build\bin\Debug\net9.0\cs\Microsoft.VisualStudio.TestPlatform.Common.resources.dll
		Coach.Microservice\test\Build\bin\Debug\net9.0\cs\Microsoft.VisualStudio.TestPlatform.ObjectModel.resources.dll = Coach.Microservice\test\Build\bin\Debug\net9.0\cs\Microsoft.VisualStudio.TestPlatform.ObjectModel.resources.dll
		Coach.Microservice\test\Build\bin\Debug\net9.0\de\Microsoft.TestPlatform.CommunicationUtilities.resources.dll = Coach.Microservice\test\Build\bin\Debug\net9.0\de\Microsoft.TestPlatform.CommunicationUtilities.resources.dll
		Coach.Microservice\test\Build\bin\Debug\net9.0\de\Microsoft.TestPlatform.CoreUtilities.resources.dll = Coach.Microservice\test\Build\bin\Debug\net9.0\de\Microsoft.TestPlatform.CoreUtilities.resources.dll
		Coach.Microservice\test\Build\bin\Debug\net9.0\de\Microsoft.TestPlatform.CrossPlatEngine.resources.dll = Coach.Microservice\test\Build\bin\Debug\net9.0\de\Microsoft.TestPlatform.CrossPlatEngine.resources.dll
		Coach.Microservice\test\Build\bin\Debug\net9.0\de\Microsoft.VisualStudio.TestPlatform.Common.resources.dll = Coach.Microservice\test\Build\bin\Debug\net9.0\de\Microsoft.VisualStudio.TestPlatform.Common.resources.dll
		Coach.Microservice\test\Build\bin\Debug\net9.0\de\Microsoft.VisualStudio.TestPlatform.ObjectModel.resources.dll = Coach.Microservice\test\Build\bin\Debug\net9.0\de\Microsoft.VisualStudio.TestPlatform.ObjectModel.resources.dll
		Coach.Microservice\test\Build\bin\Debug\net9.0\Domain.dll = Coach.Microservice\test\Build\bin\Debug\net9.0\Domain.dll
		Coach.Microservice\test\Build\bin\Debug\net9.0\Domain.pdb = Coach.Microservice\test\Build\bin\Debug\net9.0\Domain.pdb
		Coach.Microservice\test\Build\bin\Debug\net9.0\DotNetEnv.dll = Coach.Microservice\test\Build\bin\Debug\net9.0\DotNetEnv.dll
		Coach.Microservice\test\Build\bin\Debug\net9.0\es\Microsoft.TestPlatform.CommunicationUtilities.resources.dll = Coach.Microservice\test\Build\bin\Debug\net9.0\es\Microsoft.TestPlatform.CommunicationUtilities.resources.dll
		Coach.Microservice\test\Build\bin\Debug\net9.0\es\Microsoft.TestPlatform.CoreUtilities.resources.dll = Coach.Microservice\test\Build\bin\Debug\net9.0\es\Microsoft.TestPlatform.CoreUtilities.resources.dll
		Coach.Microservice\test\Build\bin\Debug\net9.0\es\Microsoft.TestPlatform.CrossPlatEngine.resources.dll = Coach.Microservice\test\Build\bin\Debug\net9.0\es\Microsoft.TestPlatform.CrossPlatEngine.resources.dll
		Coach.Microservice\test\Build\bin\Debug\net9.0\es\Microsoft.VisualStudio.TestPlatform.Common.resources.dll = Coach.Microservice\test\Build\bin\Debug\net9.0\es\Microsoft.VisualStudio.TestPlatform.Common.resources.dll
		Coach.Microservice\test\Build\bin\Debug\net9.0\es\Microsoft.VisualStudio.TestPlatform.ObjectModel.resources.dll = Coach.Microservice\test\Build\bin\Debug\net9.0\es\Microsoft.VisualStudio.TestPlatform.ObjectModel.resources.dll
		Coach.Microservice\test\Build\bin\Debug\net9.0\FluentAssertions.dll = Coach.Microservice\test\Build\bin\Debug\net9.0\FluentAssertions.dll
		Coach.Microservice\test\Build\bin\Debug\net9.0\FluentValidation.DependencyInjectionExtensions.dll = Coach.Microservice\test\Build\bin\Debug\net9.0\FluentValidation.DependencyInjectionExtensions.dll
		Coach.Microservice\test\Build\bin\Debug\net9.0\FluentValidation.dll = Coach.Microservice\test\Build\bin\Debug\net9.0\FluentValidation.dll
		Coach.Microservice\test\Build\bin\Debug\net9.0\fr\Microsoft.TestPlatform.CommunicationUtilities.resources.dll = Coach.Microservice\test\Build\bin\Debug\net9.0\fr\Microsoft.TestPlatform.CommunicationUtilities.resources.dll
		Coach.Microservice\test\Build\bin\Debug\net9.0\fr\Microsoft.TestPlatform.CoreUtilities.resources.dll = Coach.Microservice\test\Build\bin\Debug\net9.0\fr\Microsoft.TestPlatform.CoreUtilities.resources.dll
		Coach.Microservice\test\Build\bin\Debug\net9.0\fr\Microsoft.TestPlatform.CrossPlatEngine.resources.dll = Coach.Microservice\test\Build\bin\Debug\net9.0\fr\Microsoft.TestPlatform.CrossPlatEngine.resources.dll
		Coach.Microservice\test\Build\bin\Debug\net9.0\fr\Microsoft.VisualStudio.TestPlatform.Common.resources.dll = Coach.Microservice\test\Build\bin\Debug\net9.0\fr\Microsoft.VisualStudio.TestPlatform.Common.resources.dll
		Coach.Microservice\test\Build\bin\Debug\net9.0\fr\Microsoft.VisualStudio.TestPlatform.ObjectModel.resources.dll = Coach.Microservice\test\Build\bin\Debug\net9.0\fr\Microsoft.VisualStudio.TestPlatform.ObjectModel.resources.dll
		Coach.Microservice\test\Build\bin\Debug\net9.0\Infrastructure.dll = Coach.Microservice\test\Build\bin\Debug\net9.0\Infrastructure.dll
		Coach.Microservice\test\Build\bin\Debug\net9.0\Infrastructure.pdb = Coach.Microservice\test\Build\bin\Debug\net9.0\Infrastructure.pdb
		Coach.Microservice\test\Build\bin\Debug\net9.0\it\Microsoft.TestPlatform.CommunicationUtilities.resources.dll = Coach.Microservice\test\Build\bin\Debug\net9.0\it\Microsoft.TestPlatform.CommunicationUtilities.resources.dll
		Coach.Microservice\test\Build\bin\Debug\net9.0\it\Microsoft.TestPlatform.CoreUtilities.resources.dll = Coach.Microservice\test\Build\bin\Debug\net9.0\it\Microsoft.TestPlatform.CoreUtilities.resources.dll
		Coach.Microservice\test\Build\bin\Debug\net9.0\it\Microsoft.TestPlatform.CrossPlatEngine.resources.dll = Coach.Microservice\test\Build\bin\Debug\net9.0\it\Microsoft.TestPlatform.CrossPlatEngine.resources.dll
		Coach.Microservice\test\Build\bin\Debug\net9.0\it\Microsoft.VisualStudio.TestPlatform.Common.resources.dll = Coach.Microservice\test\Build\bin\Debug\net9.0\it\Microsoft.VisualStudio.TestPlatform.Common.resources.dll
		Coach.Microservice\test\Build\bin\Debug\net9.0\it\Microsoft.VisualStudio.TestPlatform.ObjectModel.resources.dll = Coach.Microservice\test\Build\bin\Debug\net9.0\it\Microsoft.VisualStudio.TestPlatform.ObjectModel.resources.dll
		Coach.Microservice\test\Build\bin\Debug\net9.0\ja\Microsoft.TestPlatform.CommunicationUtilities.resources.dll = Coach.Microservice\test\Build\bin\Debug\net9.0\ja\Microsoft.TestPlatform.CommunicationUtilities.resources.dll
		Coach.Microservice\test\Build\bin\Debug\net9.0\ja\Microsoft.TestPlatform.CoreUtilities.resources.dll = Coach.Microservice\test\Build\bin\Debug\net9.0\ja\Microsoft.TestPlatform.CoreUtilities.resources.dll
		Coach.Microservice\test\Build\bin\Debug\net9.0\ja\Microsoft.TestPlatform.CrossPlatEngine.resources.dll = Coach.Microservice\test\Build\bin\Debug\net9.0\ja\Microsoft.TestPlatform.CrossPlatEngine.resources.dll
		Coach.Microservice\test\Build\bin\Debug\net9.0\ja\Microsoft.VisualStudio.TestPlatform.Common.resources.dll = Coach.Microservice\test\Build\bin\Debug\net9.0\ja\Microsoft.VisualStudio.TestPlatform.Common.resources.dll
		Coach.Microservice\test\Build\bin\Debug\net9.0\ja\Microsoft.VisualStudio.TestPlatform.ObjectModel.resources.dll = Coach.Microservice\test\Build\bin\Debug\net9.0\ja\Microsoft.VisualStudio.TestPlatform.ObjectModel.resources.dll
		Coach.Microservice\test\Build\bin\Debug\net9.0\ko\Microsoft.TestPlatform.CommunicationUtilities.resources.dll = Coach.Microservice\test\Build\bin\Debug\net9.0\ko\Microsoft.TestPlatform.CommunicationUtilities.resources.dll
		Coach.Microservice\test\Build\bin\Debug\net9.0\ko\Microsoft.TestPlatform.CoreUtilities.resources.dll = Coach.Microservice\test\Build\bin\Debug\net9.0\ko\Microsoft.TestPlatform.CoreUtilities.resources.dll
		Coach.Microservice\test\Build\bin\Debug\net9.0\ko\Microsoft.TestPlatform.CrossPlatEngine.resources.dll = Coach.Microservice\test\Build\bin\Debug\net9.0\ko\Microsoft.TestPlatform.CrossPlatEngine.resources.dll
		Coach.Microservice\test\Build\bin\Debug\net9.0\ko\Microsoft.VisualStudio.TestPlatform.Common.resources.dll = Coach.Microservice\test\Build\bin\Debug\net9.0\ko\Microsoft.VisualStudio.TestPlatform.Common.resources.dll
		Coach.Microservice\test\Build\bin\Debug\net9.0\ko\Microsoft.VisualStudio.TestPlatform.ObjectModel.resources.dll = Coach.Microservice\test\Build\bin\Debug\net9.0\ko\Microsoft.VisualStudio.TestPlatform.ObjectModel.resources.dll
		Coach.Microservice\test\Build\bin\Debug\net9.0\Mapster.Core.dll = Coach.Microservice\test\Build\bin\Debug\net9.0\Mapster.Core.dll
		Coach.Microservice\test\Build\bin\Debug\net9.0\Mapster.DependencyInjection.dll = Coach.Microservice\test\Build\bin\Debug\net9.0\Mapster.DependencyInjection.dll
		Coach.Microservice\test\Build\bin\Debug\net9.0\Mapster.dll = Coach.Microservice\test\Build\bin\Debug\net9.0\Mapster.dll
		Coach.Microservice\test\Build\bin\Debug\net9.0\MassTransit.Abstractions.dll = Coach.Microservice\test\Build\bin\Debug\net9.0\MassTransit.Abstractions.dll
		Coach.Microservice\test\Build\bin\Debug\net9.0\MassTransit.dll = Coach.Microservice\test\Build\bin\Debug\net9.0\MassTransit.dll
		Coach.Microservice\test\Build\bin\Debug\net9.0\MassTransit.EntityFrameworkCoreIntegration.dll = Coach.Microservice\test\Build\bin\Debug\net9.0\MassTransit.EntityFrameworkCoreIntegration.dll
		Coach.Microservice\test\Build\bin\Debug\net9.0\MassTransit.RabbitMqTransport.dll = Coach.Microservice\test\Build\bin\Debug\net9.0\MassTransit.RabbitMqTransport.dll
		Coach.Microservice\test\Build\bin\Debug\net9.0\MassTransit.RedisIntegration.dll = Coach.Microservice\test\Build\bin\Debug\net9.0\MassTransit.RedisIntegration.dll
		Coach.Microservice\test\Build\bin\Debug\net9.0\MediatR.Contracts.dll = Coach.Microservice\test\Build\bin\Debug\net9.0\MediatR.Contracts.dll
		Coach.Microservice\test\Build\bin\Debug\net9.0\MediatR.dll = Coach.Microservice\test\Build\bin\Debug\net9.0\MediatR.dll
		Coach.Microservice\test\Build\bin\Debug\net9.0\Microsoft.AspNetCore.OpenApi.dll = Coach.Microservice\test\Build\bin\Debug\net9.0\Microsoft.AspNetCore.OpenApi.dll
		Coach.Microservice\test\Build\bin\Debug\net9.0\Microsoft.EntityFrameworkCore.Abstractions.dll = Coach.Microservice\test\Build\bin\Debug\net9.0\Microsoft.EntityFrameworkCore.Abstractions.dll
		Coach.Microservice\test\Build\bin\Debug\net9.0\Microsoft.EntityFrameworkCore.dll = Coach.Microservice\test\Build\bin\Debug\net9.0\Microsoft.EntityFrameworkCore.dll
		Coach.Microservice\test\Build\bin\Debug\net9.0\Microsoft.EntityFrameworkCore.Relational.dll = Coach.Microservice\test\Build\bin\Debug\net9.0\Microsoft.EntityFrameworkCore.Relational.dll
		Coach.Microservice\test\Build\bin\Debug\net9.0\Microsoft.Extensions.DependencyModel.dll = Coach.Microservice\test\Build\bin\Debug\net9.0\Microsoft.Extensions.DependencyModel.dll
		Coach.Microservice\test\Build\bin\Debug\net9.0\Microsoft.OpenApi.dll = Coach.Microservice\test\Build\bin\Debug\net9.0\Microsoft.OpenApi.dll
		Coach.Microservice\test\Build\bin\Debug\net9.0\Microsoft.TestPlatform.CommunicationUtilities.dll = Coach.Microservice\test\Build\bin\Debug\net9.0\Microsoft.TestPlatform.CommunicationUtilities.dll
		Coach.Microservice\test\Build\bin\Debug\net9.0\Microsoft.TestPlatform.CoreUtilities.dll = Coach.Microservice\test\Build\bin\Debug\net9.0\Microsoft.TestPlatform.CoreUtilities.dll
		Coach.Microservice\test\Build\bin\Debug\net9.0\Microsoft.TestPlatform.CrossPlatEngine.dll = Coach.Microservice\test\Build\bin\Debug\net9.0\Microsoft.TestPlatform.CrossPlatEngine.dll
		Coach.Microservice\test\Build\bin\Debug\net9.0\Microsoft.TestPlatform.PlatformAbstractions.dll = Coach.Microservice\test\Build\bin\Debug\net9.0\Microsoft.TestPlatform.PlatformAbstractions.dll
		Coach.Microservice\test\Build\bin\Debug\net9.0\Microsoft.TestPlatform.Utilities.dll = Coach.Microservice\test\Build\bin\Debug\net9.0\Microsoft.TestPlatform.Utilities.dll
		Coach.Microservice\test\Build\bin\Debug\net9.0\Microsoft.VisualStudio.CodeCoverage.Shim.dll = Coach.Microservice\test\Build\bin\Debug\net9.0\Microsoft.VisualStudio.CodeCoverage.Shim.dll
		Coach.Microservice\test\Build\bin\Debug\net9.0\Microsoft.VisualStudio.TestPlatform.Common.dll = Coach.Microservice\test\Build\bin\Debug\net9.0\Microsoft.VisualStudio.TestPlatform.Common.dll
		Coach.Microservice\test\Build\bin\Debug\net9.0\Microsoft.VisualStudio.TestPlatform.ObjectModel.dll = Coach.Microservice\test\Build\bin\Debug\net9.0\Microsoft.VisualStudio.TestPlatform.ObjectModel.dll
		Coach.Microservice\test\Build\bin\Debug\net9.0\Microsoft.Win32.SystemEvents.dll = Coach.Microservice\test\Build\bin\Debug\net9.0\Microsoft.Win32.SystemEvents.dll
		Coach.Microservice\test\Build\bin\Debug\net9.0\Mono.Cecil.dll = Coach.Microservice\test\Build\bin\Debug\net9.0\Mono.Cecil.dll
		Coach.Microservice\test\Build\bin\Debug\net9.0\Mono.Cecil.Mdb.dll = Coach.Microservice\test\Build\bin\Debug\net9.0\Mono.Cecil.Mdb.dll
		Coach.Microservice\test\Build\bin\Debug\net9.0\Mono.Cecil.Pdb.dll = Coach.Microservice\test\Build\bin\Debug\net9.0\Mono.Cecil.Pdb.dll
		Coach.Microservice\test\Build\bin\Debug\net9.0\Mono.Cecil.Rocks.dll = Coach.Microservice\test\Build\bin\Debug\net9.0\Mono.Cecil.Rocks.dll
		Coach.Microservice\test\Build\bin\Debug\net9.0\Moq.dll = Coach.Microservice\test\Build\bin\Debug\net9.0\Moq.dll
		Coach.Microservice\test\Build\bin\Debug\net9.0\NetArchTest.Rules.dll = Coach.Microservice\test\Build\bin\Debug\net9.0\NetArchTest.Rules.dll
		Coach.Microservice\test\Build\bin\Debug\net9.0\Newtonsoft.Json.dll = Coach.Microservice\test\Build\bin\Debug\net9.0\Newtonsoft.Json.dll
		Coach.Microservice\test\Build\bin\Debug\net9.0\Npgsql.dll = Coach.Microservice\test\Build\bin\Debug\net9.0\Npgsql.dll
		Coach.Microservice\test\Build\bin\Debug\net9.0\Npgsql.EntityFrameworkCore.PostgreSQL.dll = Coach.Microservice\test\Build\bin\Debug\net9.0\Npgsql.EntityFrameworkCore.PostgreSQL.dll
		Coach.Microservice\test\Build\bin\Debug\net9.0\Pipelines.Sockets.Unofficial.dll = Coach.Microservice\test\Build\bin\Debug\net9.0\Pipelines.Sockets.Unofficial.dll
		Coach.Microservice\test\Build\bin\Debug\net9.0\pl\Microsoft.TestPlatform.CommunicationUtilities.resources.dll = Coach.Microservice\test\Build\bin\Debug\net9.0\pl\Microsoft.TestPlatform.CommunicationUtilities.resources.dll
		Coach.Microservice\test\Build\bin\Debug\net9.0\pl\Microsoft.TestPlatform.CoreUtilities.resources.dll = Coach.Microservice\test\Build\bin\Debug\net9.0\pl\Microsoft.TestPlatform.CoreUtilities.resources.dll
		Coach.Microservice\test\Build\bin\Debug\net9.0\pl\Microsoft.TestPlatform.CrossPlatEngine.resources.dll = Coach.Microservice\test\Build\bin\Debug\net9.0\pl\Microsoft.TestPlatform.CrossPlatEngine.resources.dll
		Coach.Microservice\test\Build\bin\Debug\net9.0\pl\Microsoft.VisualStudio.TestPlatform.Common.resources.dll = Coach.Microservice\test\Build\bin\Debug\net9.0\pl\Microsoft.VisualStudio.TestPlatform.Common.resources.dll
		Coach.Microservice\test\Build\bin\Debug\net9.0\pl\Microsoft.VisualStudio.TestPlatform.ObjectModel.resources.dll = Coach.Microservice\test\Build\bin\Debug\net9.0\pl\Microsoft.VisualStudio.TestPlatform.ObjectModel.resources.dll
		Coach.Microservice\test\Build\bin\Debug\net9.0\pt-BR\Microsoft.TestPlatform.CommunicationUtilities.resources.dll = Coach.Microservice\test\Build\bin\Debug\net9.0\pt-BR\Microsoft.TestPlatform.CommunicationUtilities.resources.dll
		Coach.Microservice\test\Build\bin\Debug\net9.0\pt-BR\Microsoft.TestPlatform.CoreUtilities.resources.dll = Coach.Microservice\test\Build\bin\Debug\net9.0\pt-BR\Microsoft.TestPlatform.CoreUtilities.resources.dll
		Coach.Microservice\test\Build\bin\Debug\net9.0\pt-BR\Microsoft.TestPlatform.CrossPlatEngine.resources.dll = Coach.Microservice\test\Build\bin\Debug\net9.0\pt-BR\Microsoft.TestPlatform.CrossPlatEngine.resources.dll
		Coach.Microservice\test\Build\bin\Debug\net9.0\pt-BR\Microsoft.VisualStudio.TestPlatform.Common.resources.dll = Coach.Microservice\test\Build\bin\Debug\net9.0\pt-BR\Microsoft.VisualStudio.TestPlatform.Common.resources.dll
		Coach.Microservice\test\Build\bin\Debug\net9.0\pt-BR\Microsoft.VisualStudio.TestPlatform.ObjectModel.resources.dll = Coach.Microservice\test\Build\bin\Debug\net9.0\pt-BR\Microsoft.VisualStudio.TestPlatform.ObjectModel.resources.dll
		Coach.Microservice\test\Build\bin\Debug\net9.0\RabbitMQ.Client.dll = Coach.Microservice\test\Build\bin\Debug\net9.0\RabbitMQ.Client.dll
		Coach.Microservice\test\Build\bin\Debug\net9.0\ru\Microsoft.TestPlatform.CommunicationUtilities.resources.dll = Coach.Microservice\test\Build\bin\Debug\net9.0\ru\Microsoft.TestPlatform.CommunicationUtilities.resources.dll
		Coach.Microservice\test\Build\bin\Debug\net9.0\ru\Microsoft.TestPlatform.CoreUtilities.resources.dll = Coach.Microservice\test\Build\bin\Debug\net9.0\ru\Microsoft.TestPlatform.CoreUtilities.resources.dll
		Coach.Microservice\test\Build\bin\Debug\net9.0\ru\Microsoft.TestPlatform.CrossPlatEngine.resources.dll = Coach.Microservice\test\Build\bin\Debug\net9.0\ru\Microsoft.TestPlatform.CrossPlatEngine.resources.dll
		Coach.Microservice\test\Build\bin\Debug\net9.0\ru\Microsoft.VisualStudio.TestPlatform.Common.resources.dll = Coach.Microservice\test\Build\bin\Debug\net9.0\ru\Microsoft.VisualStudio.TestPlatform.Common.resources.dll
		Coach.Microservice\test\Build\bin\Debug\net9.0\ru\Microsoft.VisualStudio.TestPlatform.ObjectModel.resources.dll = Coach.Microservice\test\Build\bin\Debug\net9.0\ru\Microsoft.VisualStudio.TestPlatform.ObjectModel.resources.dll
		Coach.Microservice\test\Build\bin\Debug\net9.0\runtimes\unix\lib\net6.0\System.Drawing.Common.dll = Coach.Microservice\test\Build\bin\Debug\net9.0\runtimes\unix\lib\net6.0\System.Drawing.Common.dll
		Coach.Microservice\test\Build\bin\Debug\net9.0\runtimes\win\lib\net6.0\Microsoft.Win32.SystemEvents.dll = Coach.Microservice\test\Build\bin\Debug\net9.0\runtimes\win\lib\net6.0\Microsoft.Win32.SystemEvents.dll
		Coach.Microservice\test\Build\bin\Debug\net9.0\runtimes\win\lib\net6.0\System.Drawing.Common.dll = Coach.Microservice\test\Build\bin\Debug\net9.0\runtimes\win\lib\net6.0\System.Drawing.Common.dll
		Coach.Microservice\test\Build\bin\Debug\net9.0\runtimes\win\lib\net6.0\System.Security.Cryptography.ProtectedData.dll = Coach.Microservice\test\Build\bin\Debug\net9.0\runtimes\win\lib\net6.0\System.Security.Cryptography.ProtectedData.dll
		Coach.Microservice\test\Build\bin\Debug\net9.0\runtimes\win\lib\net6.0\System.Windows.Extensions.dll = Coach.Microservice\test\Build\bin\Debug\net9.0\runtimes\win\lib\net6.0\System.Windows.Extensions.dll
		Coach.Microservice\test\Build\bin\Debug\net9.0\Serilog.AspNetCore.dll = Coach.Microservice\test\Build\bin\Debug\net9.0\Serilog.AspNetCore.dll
		Coach.Microservice\test\Build\bin\Debug\net9.0\Serilog.dll = Coach.Microservice\test\Build\bin\Debug\net9.0\Serilog.dll
		Coach.Microservice\test\Build\bin\Debug\net9.0\Serilog.Extensions.Hosting.dll = Coach.Microservice\test\Build\bin\Debug\net9.0\Serilog.Extensions.Hosting.dll
		Coach.Microservice\test\Build\bin\Debug\net9.0\Serilog.Extensions.Logging.dll = Coach.Microservice\test\Build\bin\Debug\net9.0\Serilog.Extensions.Logging.dll
		Coach.Microservice\test\Build\bin\Debug\net9.0\Serilog.Formatting.Compact.dll = Coach.Microservice\test\Build\bin\Debug\net9.0\Serilog.Formatting.Compact.dll
		Coach.Microservice\test\Build\bin\Debug\net9.0\Serilog.Settings.Configuration.dll = Coach.Microservice\test\Build\bin\Debug\net9.0\Serilog.Settings.Configuration.dll
		Coach.Microservice\test\Build\bin\Debug\net9.0\Serilog.Sinks.Console.dll = Coach.Microservice\test\Build\bin\Debug\net9.0\Serilog.Sinks.Console.dll
		Coach.Microservice\test\Build\bin\Debug\net9.0\Serilog.Sinks.Debug.dll = Coach.Microservice\test\Build\bin\Debug\net9.0\Serilog.Sinks.Debug.dll
		Coach.Microservice\test\Build\bin\Debug\net9.0\Serilog.Sinks.File.dll = Coach.Microservice\test\Build\bin\Debug\net9.0\Serilog.Sinks.File.dll
		Coach.Microservice\test\Build\bin\Debug\net9.0\SharedLibrary.dll = Coach.Microservice\test\Build\bin\Debug\net9.0\SharedLibrary.dll
		Coach.Microservice\test\Build\bin\Debug\net9.0\SharedLibrary.pdb = Coach.Microservice\test\Build\bin\Debug\net9.0\SharedLibrary.pdb
		Coach.Microservice\test\Build\bin\Debug\net9.0\Sprache.dll = Coach.Microservice\test\Build\bin\Debug\net9.0\Sprache.dll
		Coach.Microservice\test\Build\bin\Debug\net9.0\StackExchange.Redis.dll = Coach.Microservice\test\Build\bin\Debug\net9.0\StackExchange.Redis.dll
		Coach.Microservice\test\Build\bin\Debug\net9.0\Swashbuckle.AspNetCore.Swagger.dll = Coach.Microservice\test\Build\bin\Debug\net9.0\Swashbuckle.AspNetCore.Swagger.dll
		Coach.Microservice\test\Build\bin\Debug\net9.0\Swashbuckle.AspNetCore.SwaggerGen.dll = Coach.Microservice\test\Build\bin\Debug\net9.0\Swashbuckle.AspNetCore.SwaggerGen.dll
		Coach.Microservice\test\Build\bin\Debug\net9.0\Swashbuckle.AspNetCore.SwaggerUI.dll = Coach.Microservice\test\Build\bin\Debug\net9.0\Swashbuckle.AspNetCore.SwaggerUI.dll
		Coach.Microservice\test\Build\bin\Debug\net9.0\System.Configuration.ConfigurationManager.dll = Coach.Microservice\test\Build\bin\Debug\net9.0\System.Configuration.ConfigurationManager.dll
		Coach.Microservice\test\Build\bin\Debug\net9.0\System.Drawing.Common.dll = Coach.Microservice\test\Build\bin\Debug\net9.0\System.Drawing.Common.dll
		Coach.Microservice\test\Build\bin\Debug\net9.0\System.Security.Cryptography.ProtectedData.dll = Coach.Microservice\test\Build\bin\Debug\net9.0\System.Security.Cryptography.ProtectedData.dll
		Coach.Microservice\test\Build\bin\Debug\net9.0\System.Security.Permissions.dll = Coach.Microservice\test\Build\bin\Debug\net9.0\System.Security.Permissions.dll
		Coach.Microservice\test\Build\bin\Debug\net9.0\System.Windows.Extensions.dll = Coach.Microservice\test\Build\bin\Debug\net9.0\System.Windows.Extensions.dll
		Coach.Microservice\test\Build\bin\Debug\net9.0\test.deps.json = Coach.Microservice\test\Build\bin\Debug\net9.0\test.deps.json
		Coach.Microservice\test\Build\bin\Debug\net9.0\test.dll = Coach.Microservice\test\Build\bin\Debug\net9.0\test.dll
		Coach.Microservice\test\Build\bin\Debug\net9.0\test.pdb = Coach.Microservice\test\Build\bin\Debug\net9.0\test.pdb
		Coach.Microservice\test\Build\bin\Debug\net9.0\test.runtimeconfig.json = Coach.Microservice\test\Build\bin\Debug\net9.0\test.runtimeconfig.json
		Coach.Microservice\test\Build\bin\Debug\net9.0\testhost.dll = Coach.Microservice\test\Build\bin\Debug\net9.0\testhost.dll
		Coach.Microservice\test\Build\bin\Debug\net9.0\testhost.exe = Coach.Microservice\test\Build\bin\Debug\net9.0\testhost.exe
		Coach.Microservice\test\Build\bin\Debug\net9.0\tr\Microsoft.TestPlatform.CommunicationUtilities.resources.dll = Coach.Microservice\test\Build\bin\Debug\net9.0\tr\Microsoft.TestPlatform.CommunicationUtilities.resources.dll
		Coach.Microservice\test\Build\bin\Debug\net9.0\tr\Microsoft.TestPlatform.CoreUtilities.resources.dll = Coach.Microservice\test\Build\bin\Debug\net9.0\tr\Microsoft.TestPlatform.CoreUtilities.resources.dll
		Coach.Microservice\test\Build\bin\Debug\net9.0\tr\Microsoft.TestPlatform.CrossPlatEngine.resources.dll = Coach.Microservice\test\Build\bin\Debug\net9.0\tr\Microsoft.TestPlatform.CrossPlatEngine.resources.dll
		Coach.Microservice\test\Build\bin\Debug\net9.0\tr\Microsoft.VisualStudio.TestPlatform.Common.resources.dll = Coach.Microservice\test\Build\bin\Debug\net9.0\tr\Microsoft.VisualStudio.TestPlatform.Common.resources.dll
		Coach.Microservice\test\Build\bin\Debug\net9.0\tr\Microsoft.VisualStudio.TestPlatform.ObjectModel.resources.dll = Coach.Microservice\test\Build\bin\Debug\net9.0\tr\Microsoft.VisualStudio.TestPlatform.ObjectModel.resources.dll
		Coach.Microservice\test\Build\bin\Debug\net9.0\WebApi.deps.json = Coach.Microservice\test\Build\bin\Debug\net9.0\WebApi.deps.json
		Coach.Microservice\test\Build\bin\Debug\net9.0\WebApi.dll = Coach.Microservice\test\Build\bin\Debug\net9.0\WebApi.dll
		Coach.Microservice\test\Build\bin\Debug\net9.0\WebApi.exe = Coach.Microservice\test\Build\bin\Debug\net9.0\WebApi.exe
		Coach.Microservice\test\Build\bin\Debug\net9.0\WebApi.pdb = Coach.Microservice\test\Build\bin\Debug\net9.0\WebApi.pdb
		Coach.Microservice\test\Build\bin\Debug\net9.0\WebApi.runtimeconfig.json = Coach.Microservice\test\Build\bin\Debug\net9.0\WebApi.runtimeconfig.json
		Coach.Microservice\test\Build\bin\Debug\net9.0\WebApi.staticwebassets.endpoints.json = Coach.Microservice\test\Build\bin\Debug\net9.0\WebApi.staticwebassets.endpoints.json
		Coach.Microservice\test\Build\bin\Debug\net9.0\xunit.abstractions.dll = Coach.Microservice\test\Build\bin\Debug\net9.0\xunit.abstractions.dll
		Coach.Microservice\test\Build\bin\Debug\net9.0\xunit.assert.dll = Coach.Microservice\test\Build\bin\Debug\net9.0\xunit.assert.dll
		Coach.Microservice\test\Build\bin\Debug\net9.0\xunit.core.dll = Coach.Microservice\test\Build\bin\Debug\net9.0\xunit.core.dll
		Coach.Microservice\test\Build\bin\Debug\net9.0\xunit.execution.dotnet.dll = Coach.Microservice\test\Build\bin\Debug\net9.0\xunit.execution.dotnet.dll
		Coach.Microservice\test\Build\bin\Debug\net9.0\xunit.runner.reporters.netcoreapp10.dll = Coach.Microservice\test\Build\bin\Debug\net9.0\xunit.runner.reporters.netcoreapp10.dll
		Coach.Microservice\test\Build\bin\Debug\net9.0\xunit.runner.utility.netcoreapp10.dll = Coach.Microservice\test\Build\bin\Debug\net9.0\xunit.runner.utility.netcoreapp10.dll
		Coach.Microservice\test\Build\bin\Debug\net9.0\xunit.runner.visualstudio.testadapter.dll = Coach.Microservice\test\Build\bin\Debug\net9.0\xunit.runner.visualstudio.testadapter.dll
		Coach.Microservice\test\Build\bin\Debug\net9.0\zh-Hans\Microsoft.TestPlatform.CommunicationUtilities.resources.dll = Coach.Microservice\test\Build\bin\Debug\net9.0\zh-Hans\Microsoft.TestPlatform.CommunicationUtilities.resources.dll
		Coach.Microservice\test\Build\bin\Debug\net9.0\zh-Hans\Microsoft.TestPlatform.CoreUtilities.resources.dll = Coach.Microservice\test\Build\bin\Debug\net9.0\zh-Hans\Microsoft.TestPlatform.CoreUtilities.resources.dll
		Coach.Microservice\test\Build\bin\Debug\net9.0\zh-Hans\Microsoft.TestPlatform.CrossPlatEngine.resources.dll = Coach.Microservice\test\Build\bin\Debug\net9.0\zh-Hans\Microsoft.TestPlatform.CrossPlatEngine.resources.dll
		Coach.Microservice\test\Build\bin\Debug\net9.0\zh-Hans\Microsoft.VisualStudio.TestPlatform.Common.resources.dll = Coach.Microservice\test\Build\bin\Debug\net9.0\zh-Hans\Microsoft.VisualStudio.TestPlatform.Common.resources.dll
		Coach.Microservice\test\Build\bin\Debug\net9.0\zh-Hans\Microsoft.VisualStudio.TestPlatform.ObjectModel.resources.dll = Coach.Microservice\test\Build\bin\Debug\net9.0\zh-Hans\Microsoft.VisualStudio.TestPlatform.ObjectModel.resources.dll
		Coach.Microservice\test\Build\bin\Debug\net9.0\zh-Hant\Microsoft.TestPlatform.CommunicationUtilities.resources.dll = Coach.Microservice\test\Build\bin\Debug\net9.0\zh-Hant\Microsoft.TestPlatform.CommunicationUtilities.resources.dll
		Coach.Microservice\test\Build\bin\Debug\net9.0\zh-Hant\Microsoft.TestPlatform.CoreUtilities.resources.dll = Coach.Microservice\test\Build\bin\Debug\net9.0\zh-Hant\Microsoft.TestPlatform.CoreUtilities.resources.dll
		Coach.Microservice\test\Build\bin\Debug\net9.0\zh-Hant\Microsoft.TestPlatform.CrossPlatEngine.resources.dll = Coach.Microservice\test\Build\bin\Debug\net9.0\zh-Hant\Microsoft.TestPlatform.CrossPlatEngine.resources.dll
		Coach.Microservice\test\Build\bin\Debug\net9.0\zh-Hant\Microsoft.VisualStudio.TestPlatform.Common.resources.dll = Coach.Microservice\test\Build\bin\Debug\net9.0\zh-Hant\Microsoft.VisualStudio.TestPlatform.Common.resources.dll
		Coach.Microservice\test\Build\bin\Debug\net9.0\zh-Hant\Microsoft.VisualStudio.TestPlatform.ObjectModel.resources.dll = Coach.Microservice\test\Build\bin\Debug\net9.0\zh-Hant\Microsoft.VisualStudio.TestPlatform.ObjectModel.resources.dll
		Coach.Microservice\test\Build\obj\Debug\net9.0\.NETCoreApp,Version = Coach.Microservice\test\Build\obj\Debug\net9.0\.NETCoreApp,Version
		Coach.Microservice\test\Build\obj\Debug\net9.0\ref\test.dll = Coach.Microservice\test\Build\obj\Debug\net9.0\ref\test.dll
		Coach.Microservice\test\Build\obj\Debug\net9.0\refint\test.dll = Coach.Microservice\test\Build\obj\Debug\net9.0\refint\test.dll
		Coach.Microservice\test\Build\obj\Debug\net9.0\test.AssemblyInfo.cs = Coach.Microservice\test\Build\obj\Debug\net9.0\test.AssemblyInfo.cs
		Coach.Microservice\test\Build\obj\Debug\net9.0\test.AssemblyInfoInputs.cache = Coach.Microservice\test\Build\obj\Debug\net9.0\test.AssemblyInfoInputs.cache
		Coach.Microservice\test\Build\obj\Debug\net9.0\test.assets.cache = Coach.Microservice\test\Build\obj\Debug\net9.0\test.assets.cache
		Coach.Microservice\test\Build\obj\Debug\net9.0\test.csproj.AssemblyReference.cache = Coach.Microservice\test\Build\obj\Debug\net9.0\test.csproj.AssemblyReference.cache
		Coach.Microservice\test\Build\obj\Debug\net9.0\test.csproj.CoreCompileInputs.cache = Coach.Microservice\test\Build\obj\Debug\net9.0\test.csproj.CoreCompileInputs.cache
		Coach.Microservice\test\Build\obj\Debug\net9.0\test.csproj.FileListAbsolute.txt = Coach.Microservice\test\Build\obj\Debug\net9.0\test.csproj.FileListAbsolute.txt
		Coach.Microservice\test\Build\obj\Debug\net9.0\test.csproj.Up2Date = Coach.Microservice\test\Build\obj\Debug\net9.0\test.csproj.Up2Date
		Coach.Microservice\test\Build\obj\Debug\net9.0\test.dll = Coach.Microservice\test\Build\obj\Debug\net9.0\test.dll
		Coach.Microservice\test\Build\obj\Debug\net9.0\test.GeneratedMSBuildEditorConfig.editorconfig = Coach.Microservice\test\Build\obj\Debug\net9.0\test.GeneratedMSBuildEditorConfig.editorconfig
		Coach.Microservice\test\Build\obj\Debug\net9.0\test.genruntimeconfig.cache = Coach.Microservice\test\Build\obj\Debug\net9.0\test.genruntimeconfig.cache
		Coach.Microservice\test\Build\obj\Debug\net9.0\test.GlobalUsings.g.cs = Coach.Microservice\test\Build\obj\Debug\net9.0\test.GlobalUsings.g.cs
		Coach.Microservice\test\Build\obj\Debug\net9.0\test.pdb = Coach.Microservice\test\Build\obj\Debug\net9.0\test.pdb
		Coach.Microservice\test\Build\obj\Debug\net9.0\test.sourcelink.json = Coach.Microservice\test\Build\obj\Debug\net9.0\test.sourcelink.json
		Coach.Microservice\test\Build\obj\project.assets.json = Coach.Microservice\test\Build\obj\project.assets.json
		Coach.Microservice\test\Build\obj\project.nuget.cache = Coach.Microservice\test\Build\obj\project.nuget.cache
		Coach.Microservice\test\Build\obj\test.csproj.nuget.dgspec.json = Coach.Microservice\test\Build\obj\test.csproj.nuget.dgspec.json
		Coach.Microservice\test\Build\obj\test.csproj.nuget.g.props = Coach.Microservice\test\Build\obj\test.csproj.nuget.g.props
		Coach.Microservice\test\Build\obj\test.csproj.nuget.g.targets = Coach.Microservice\test\Build\obj\test.csproj.nuget.g.targets
	EndProjectSection
EndProject
Project("{FAE04EC0-301F-11D3-BF4B-00C04F79EFBC}") = "Domain", "Coach.Microservice\src\Domain\Domain.csproj", "{129BBBC0-1BC5-4769-B2C3-F0433F4AAA12}"
EndProject
Project("{FAE04EC0-301F-11D3-BF4B-00C04F79EFBC}") = "Infrastructure", "Coach.Microservice\src\Infrastructure\Infrastructure.csproj", "{9C4052C9-AA81-4C35-91DD-280D50847EDD}"
EndProject
Project("{FAE04EC0-301F-11D3-BF4B-00C04F79EFBC}") = "Application", "Coach.Microservice\src\Application\Application.csproj", "{581639C3-44ED-435B-A716-9D56BB10DDC4}"
EndProject
Project("{FAE04EC0-301F-11D3-BF4B-00C04F79EFBC}") = "WebAPI", "Coach.Microservice\src\WebAPI\WebAPI.csproj", "{130182F6-4D18-4793-BE08-788283CBE1B2}"
EndProject
Project("{2150E333-8FDC-42A3-9474-1A3956D46DE8}") = "Payment.Microservice", "Payment.Microservice", "{EFACA27B-7EBB-40FA-8DD6-CDA92545F7AA}"
EndProject
Project("{2150E333-8FDC-42A3-9474-1A3956D46DE8}") = "src", "src", "{29B3AAD0-F078-4D58-9BF1-B6DA2376A286}"
EndProject
Project("{FAE04EC0-301F-11D3-BF4B-00C04F79EFBC}") = "Application", "Payment.Microservice\src\Application\Application.csproj", "{F7C5BCBA-B9B9-49C0-B2C6-5A5644271D17}"
EndProject
Project("{FAE04EC0-301F-11D3-BF4B-00C04F79EFBC}") = "Domain", "Payment.Microservice\src\Domain\Domain.csproj", "{584ECD13-CC7E-4C8A-82BA-B2BCCAC249B9}"
EndProject
Project("{FAE04EC0-301F-11D3-BF4B-00C04F79EFBC}") = "Infrastructure", "Payment.Microservice\src\Infrastructure\Infrastructure.csproj", "{3D5F0C1F-FEDC-4E09-A605-44DB709F181D}"
EndProject
Project("{FAE04EC0-301F-11D3-BF4B-00C04F79EFBC}") = "WebApi", "Payment.Microservice\src\WebApi\WebApi.csproj", "{0A2542C7-9274-4EDE-A4B2-C76BEEA1794F}"
EndProject
Project("{2150E333-8FDC-42A3-9474-1A3956D46DE8}") = "Booking.Microservice", "Booking.Microservice", "{EDB236FE-BA87-4B34-A0BF-43E21B738FFE}"
	ProjectSection(SolutionItems) = preProject
		Booking.Microservice\.dockerignore = Booking.Microservice\.dockerignore
	EndProjectSection
EndProject
Project("{2150E333-8FDC-42A3-9474-1A3956D46DE8}") = "src", "src", "{B77A3EE0-CDDF-42E7-A36C-A0253A559FFE}"
EndProject
Project("{2150E333-8FDC-42A3-9474-1A3956D46DE8}") = "test", "test", "{2F63C188-C1AD-4EBF-B6F7-C517F7F10A93}"
EndProject
Project("{FAE04EC0-301F-11D3-BF4B-00C04F79EFBC}") = "Application", "Booking.Microservice\src\Application\Application.csproj", "{26B97C9C-21A5-449D-918C-F3E704E7DAE9}"
EndProject
Project("{FAE04EC0-301F-11D3-BF4B-00C04F79EFBC}") = "Domain", "Booking.Microservice\src\Domain\Domain.csproj", "{EDA19AA6-9F8F-4B0A-91E1-BEE28195B618}"
EndProject
Project("{FAE04EC0-301F-11D3-BF4B-00C04F79EFBC}") = "Infrastructure", "Booking.Microservice\src\Infrastructure\Infrastructure.csproj", "{28F9EA77-FAAC-44CA-BDBE-BB75AAD6B44D}"
EndProject
Project("{FAE04EC0-301F-11D3-BF4B-00C04F79EFBC}") = "WebAPI", "Booking.Microservice\src\WebAPI\WebAPI.csproj", "{BC74FB2B-6F6A-4287-9A9F-70469FB36632}"
EndProject
Project("{FAE04EC0-301F-11D3-BF4B-00C04F79EFBC}") = "test", "Booking.Microservice\test\test.csproj", "{9358B96D-775B-4BD0-BCBD-031EC760E319}"
EndProject
Project("{2150E333-8FDC-42A3-9474-1A3956D46DE8}") = "Engage.Microservice", "Engage.Microservice", "{9E37C095-683F-AD5C-F707-04737D59D022}"
EndProject
Project("{2150E333-8FDC-42A3-9474-1A3956D46DE8}") = "src", "src", "{0228A7B5-2D43-A9CC-6576-9285F3BF68D5}"
EndProject
Project("{FAE04EC0-301F-11D3-BF4B-00C04F79EFBC}") = "Domain", "Engage.Microservice\src\Domain\Domain.csproj", "{8409A32E-3AED-47A6-ABAE-A822BCE89180}"
EndProject
Project("{FAE04EC0-301F-11D3-BF4B-00C04F79EFBC}") = "Application", "Engage.Microservice\src\Application\Application.csproj", "{F762E031-673A-4E1D-B4BA-AC83E2382F96}"
EndProject
Project("{FAE04EC0-301F-11D3-BF4B-00C04F79EFBC}") = "Infrastructure", "Engage.Microservice\src\Infrastructure\Infrastructure.csproj", "{01AD03F9-BF33-4BE4-A40B-F3CD30542849}"
EndProject
Project("{FAE04EC0-301F-11D3-BF4B-00C04F79EFBC}") = "WebApi", "Engage.Microservice\src\WebApi\WebApi.csproj", "{42A449F8-6112-4B72-88A8-007E4F55D3B6}"
EndProject
Project("{FAE04EC0-301F-11D3-BF4B-00C04F79EFBC}") = "test", "Engage.Microservice\test\test.csproj", "{9A2F5AD5-6CD8-430A-938D-C47F8D42646D}"
EndProject
Global
	GlobalSection(SolutionConfigurationPlatforms) = preSolution
		Debug|Any CPU = Debug|Any CPU
		Debug|x64 = Debug|x64
		Debug|x86 = Debug|x86
		Release|Any CPU = Release|Any CPU
		Release|x64 = Release|x64
		Release|x86 = Release|x86
	EndGlobalSection
	GlobalSection(ProjectConfigurationPlatforms) = postSolution
		{492E3D48-880D-4A51-9543-364359E88CF7}.Debug|Any CPU.ActiveCfg = Debug|Any CPU
		{492E3D48-880D-4A51-9543-364359E88CF7}.Debug|Any CPU.Build.0 = Debug|Any CPU
		{492E3D48-880D-4A51-9543-364359E88CF7}.Debug|x64.ActiveCfg = Debug|Any CPU
		{492E3D48-880D-4A51-9543-364359E88CF7}.Debug|x64.Build.0 = Debug|Any CPU
		{492E3D48-880D-4A51-9543-364359E88CF7}.Debug|x86.ActiveCfg = Debug|Any CPU
		{492E3D48-880D-4A51-9543-364359E88CF7}.Debug|x86.Build.0 = Debug|Any CPU
		{492E3D48-880D-4A51-9543-364359E88CF7}.Release|Any CPU.ActiveCfg = Release|Any CPU
		{492E3D48-880D-4A51-9543-364359E88CF7}.Release|Any CPU.Build.0 = Release|Any CPU
		{492E3D48-880D-4A51-9543-364359E88CF7}.Release|x64.ActiveCfg = Release|Any CPU
		{492E3D48-880D-4A51-9543-364359E88CF7}.Release|x64.Build.0 = Release|Any CPU
		{492E3D48-880D-4A51-9543-364359E88CF7}.Release|x86.ActiveCfg = Release|Any CPU
		{492E3D48-880D-4A51-9543-364359E88CF7}.Release|x86.Build.0 = Release|Any CPU
		{BD023EA0-5F4E-45C7-9FB3-46F797093710}.Debug|Any CPU.ActiveCfg = Debug|Any CPU
		{BD023EA0-5F4E-45C7-9FB3-46F797093710}.Debug|Any CPU.Build.0 = Debug|Any CPU
		{BD023EA0-5F4E-45C7-9FB3-46F797093710}.Debug|x64.ActiveCfg = Debug|Any CPU
		{BD023EA0-5F4E-45C7-9FB3-46F797093710}.Debug|x64.Build.0 = Debug|Any CPU
		{BD023EA0-5F4E-45C7-9FB3-46F797093710}.Debug|x86.ActiveCfg = Debug|Any CPU
		{BD023EA0-5F4E-45C7-9FB3-46F797093710}.Debug|x86.Build.0 = Debug|Any CPU
		{BD023EA0-5F4E-45C7-9FB3-46F797093710}.Release|Any CPU.ActiveCfg = Release|Any CPU
		{BD023EA0-5F4E-45C7-9FB3-46F797093710}.Release|Any CPU.Build.0 = Release|Any CPU
		{BD023EA0-5F4E-45C7-9FB3-46F797093710}.Release|x64.ActiveCfg = Release|Any CPU
		{BD023EA0-5F4E-45C7-9FB3-46F797093710}.Release|x64.Build.0 = Release|Any CPU
		{BD023EA0-5F4E-45C7-9FB3-46F797093710}.Release|x86.ActiveCfg = Release|Any CPU
		{BD023EA0-5F4E-45C7-9FB3-46F797093710}.Release|x86.Build.0 = Release|Any CPU
		{97F06067-CAF5-4C5E-A843-B0058C0FE339}.Debug|Any CPU.ActiveCfg = Debug|Any CPU
		{97F06067-CAF5-4C5E-A843-B0058C0FE339}.Debug|Any CPU.Build.0 = Debug|Any CPU
		{97F06067-CAF5-4C5E-A843-B0058C0FE339}.Debug|x64.ActiveCfg = Debug|Any CPU
		{97F06067-CAF5-4C5E-A843-B0058C0FE339}.Debug|x64.Build.0 = Debug|Any CPU
		{97F06067-CAF5-4C5E-A843-B0058C0FE339}.Debug|x86.ActiveCfg = Debug|Any CPU
		{97F06067-CAF5-4C5E-A843-B0058C0FE339}.Debug|x86.Build.0 = Debug|Any CPU
		{97F06067-CAF5-4C5E-A843-B0058C0FE339}.Release|Any CPU.ActiveCfg = Release|Any CPU
		{97F06067-CAF5-4C5E-A843-B0058C0FE339}.Release|Any CPU.Build.0 = Release|Any CPU
		{97F06067-CAF5-4C5E-A843-B0058C0FE339}.Release|x64.ActiveCfg = Release|Any CPU
		{97F06067-CAF5-4C5E-A843-B0058C0FE339}.Release|x64.Build.0 = Release|Any CPU
		{97F06067-CAF5-4C5E-A843-B0058C0FE339}.Release|x86.ActiveCfg = Release|Any CPU
		{97F06067-CAF5-4C5E-A843-B0058C0FE339}.Release|x86.Build.0 = Release|Any CPU
		{53795E0E-3206-4903-8EDE-1728EC28107F}.Debug|Any CPU.ActiveCfg = Debug|Any CPU
		{53795E0E-3206-4903-8EDE-1728EC28107F}.Debug|Any CPU.Build.0 = Debug|Any CPU
		{53795E0E-3206-4903-8EDE-1728EC28107F}.Debug|x64.ActiveCfg = Debug|Any CPU
		{53795E0E-3206-4903-8EDE-1728EC28107F}.Debug|x64.Build.0 = Debug|Any CPU
		{53795E0E-3206-4903-8EDE-1728EC28107F}.Debug|x86.ActiveCfg = Debug|Any CPU
		{53795E0E-3206-4903-8EDE-1728EC28107F}.Debug|x86.Build.0 = Debug|Any CPU
		{53795E0E-3206-4903-8EDE-1728EC28107F}.Release|Any CPU.ActiveCfg = Release|Any CPU
		{53795E0E-3206-4903-8EDE-1728EC28107F}.Release|Any CPU.Build.0 = Release|Any CPU
		{53795E0E-3206-4903-8EDE-1728EC28107F}.Release|x64.ActiveCfg = Release|Any CPU
		{53795E0E-3206-4903-8EDE-1728EC28107F}.Release|x64.Build.0 = Release|Any CPU
		{53795E0E-3206-4903-8EDE-1728EC28107F}.Release|x86.ActiveCfg = Release|Any CPU
		{53795E0E-3206-4903-8EDE-1728EC28107F}.Release|x86.Build.0 = Release|Any CPU
		{EBDFF4AE-982A-4E03-B867-080FB33869D8}.Debug|Any CPU.ActiveCfg = Debug|Any CPU
		{EBDFF4AE-982A-4E03-B867-080FB33869D8}.Debug|Any CPU.Build.0 = Debug|Any CPU
		{EBDFF4AE-982A-4E03-B867-080FB33869D8}.Debug|x64.ActiveCfg = Debug|Any CPU
		{EBDFF4AE-982A-4E03-B867-080FB33869D8}.Debug|x64.Build.0 = Debug|Any CPU
		{EBDFF4AE-982A-4E03-B867-080FB33869D8}.Debug|x86.ActiveCfg = Debug|Any CPU
		{EBDFF4AE-982A-4E03-B867-080FB33869D8}.Debug|x86.Build.0 = Debug|Any CPU
		{EBDFF4AE-982A-4E03-B867-080FB33869D8}.Release|Any CPU.ActiveCfg = Release|Any CPU
		{EBDFF4AE-982A-4E03-B867-080FB33869D8}.Release|Any CPU.Build.0 = Release|Any CPU
		{EBDFF4AE-982A-4E03-B867-080FB33869D8}.Release|x64.ActiveCfg = Release|Any CPU
		{EBDFF4AE-982A-4E03-B867-080FB33869D8}.Release|x64.Build.0 = Release|Any CPU
		{EBDFF4AE-982A-4E03-B867-080FB33869D8}.Release|x86.ActiveCfg = Release|Any CPU
		{EBDFF4AE-982A-4E03-B867-080FB33869D8}.Release|x86.Build.0 = Release|Any CPU
		{B0CA9AEA-5552-4F28-944F-8CAF3FCF55AE}.Debug|Any CPU.ActiveCfg = Debug|Any CPU
		{B0CA9AEA-5552-4F28-944F-8CAF3FCF55AE}.Debug|Any CPU.Build.0 = Debug|Any CPU
		{B0CA9AEA-5552-4F28-944F-8CAF3FCF55AE}.Debug|x64.ActiveCfg = Debug|Any CPU
		{B0CA9AEA-5552-4F28-944F-8CAF3FCF55AE}.Debug|x64.Build.0 = Debug|Any CPU
		{B0CA9AEA-5552-4F28-944F-8CAF3FCF55AE}.Debug|x86.ActiveCfg = Debug|Any CPU
		{B0CA9AEA-5552-4F28-944F-8CAF3FCF55AE}.Debug|x86.Build.0 = Debug|Any CPU
		{B0CA9AEA-5552-4F28-944F-8CAF3FCF55AE}.Release|Any CPU.ActiveCfg = Release|Any CPU
		{B0CA9AEA-5552-4F28-944F-8CAF3FCF55AE}.Release|Any CPU.Build.0 = Release|Any CPU
		{B0CA9AEA-5552-4F28-944F-8CAF3FCF55AE}.Release|x64.ActiveCfg = Release|Any CPU
		{B0CA9AEA-5552-4F28-944F-8CAF3FCF55AE}.Release|x64.Build.0 = Release|Any CPU
		{B0CA9AEA-5552-4F28-944F-8CAF3FCF55AE}.Release|x86.ActiveCfg = Release|Any CPU
		{B0CA9AEA-5552-4F28-944F-8CAF3FCF55AE}.Release|x86.Build.0 = Release|Any CPU
		{A6091336-F461-43C4-A98D-30AB04A5711E}.Debug|Any CPU.ActiveCfg = Debug|Any CPU
		{A6091336-F461-43C4-A98D-30AB04A5711E}.Debug|Any CPU.Build.0 = Debug|Any CPU
		{A6091336-F461-43C4-A98D-30AB04A5711E}.Debug|x64.ActiveCfg = Debug|Any CPU
		{A6091336-F461-43C4-A98D-30AB04A5711E}.Debug|x64.Build.0 = Debug|Any CPU
		{A6091336-F461-43C4-A98D-30AB04A5711E}.Debug|x86.ActiveCfg = Debug|Any CPU
		{A6091336-F461-43C4-A98D-30AB04A5711E}.Debug|x86.Build.0 = Debug|Any CPU
		{A6091336-F461-43C4-A98D-30AB04A5711E}.Release|Any CPU.ActiveCfg = Release|Any CPU
		{A6091336-F461-43C4-A98D-30AB04A5711E}.Release|Any CPU.Build.0 = Release|Any CPU
		{A6091336-F461-43C4-A98D-30AB04A5711E}.Release|x64.ActiveCfg = Release|Any CPU
		{A6091336-F461-43C4-A98D-30AB04A5711E}.Release|x64.Build.0 = Release|Any CPU
		{A6091336-F461-43C4-A98D-30AB04A5711E}.Release|x86.ActiveCfg = Release|Any CPU
		{A6091336-F461-43C4-A98D-30AB04A5711E}.Release|x86.Build.0 = Release|Any CPU
		{5B85A6E1-71C6-40B2-93DA-6BA37719D647}.Debug|Any CPU.ActiveCfg = Debug|Any CPU
		{5B85A6E1-71C6-40B2-93DA-6BA37719D647}.Debug|Any CPU.Build.0 = Debug|Any CPU
		{5B85A6E1-71C6-40B2-93DA-6BA37719D647}.Debug|x64.ActiveCfg = Debug|Any CPU
		{5B85A6E1-71C6-40B2-93DA-6BA37719D647}.Debug|x64.Build.0 = Debug|Any CPU
		{5B85A6E1-71C6-40B2-93DA-6BA37719D647}.Debug|x86.ActiveCfg = Debug|Any CPU
		{5B85A6E1-71C6-40B2-93DA-6BA37719D647}.Debug|x86.Build.0 = Debug|Any CPU
		{5B85A6E1-71C6-40B2-93DA-6BA37719D647}.Release|Any CPU.ActiveCfg = Release|Any CPU
		{5B85A6E1-71C6-40B2-93DA-6BA37719D647}.Release|Any CPU.Build.0 = Release|Any CPU
		{5B85A6E1-71C6-40B2-93DA-6BA37719D647}.Release|x64.ActiveCfg = Release|Any CPU
		{5B85A6E1-71C6-40B2-93DA-6BA37719D647}.Release|x64.Build.0 = Release|Any CPU
		{5B85A6E1-71C6-40B2-93DA-6BA37719D647}.Release|x86.ActiveCfg = Release|Any CPU
		{5B85A6E1-71C6-40B2-93DA-6BA37719D647}.Release|x86.Build.0 = Release|Any CPU
		{42960AD1-0302-4274-8639-DA218F8FEB0C}.Debug|Any CPU.ActiveCfg = Debug|Any CPU
		{42960AD1-0302-4274-8639-DA218F8FEB0C}.Debug|Any CPU.Build.0 = Debug|Any CPU
		{42960AD1-0302-4274-8639-DA218F8FEB0C}.Debug|x64.ActiveCfg = Debug|Any CPU
		{42960AD1-0302-4274-8639-DA218F8FEB0C}.Debug|x64.Build.0 = Debug|Any CPU
		{42960AD1-0302-4274-8639-DA218F8FEB0C}.Debug|x86.ActiveCfg = Debug|Any CPU
		{42960AD1-0302-4274-8639-DA218F8FEB0C}.Debug|x86.Build.0 = Debug|Any CPU
		{42960AD1-0302-4274-8639-DA218F8FEB0C}.Release|Any CPU.ActiveCfg = Release|Any CPU
		{42960AD1-0302-4274-8639-DA218F8FEB0C}.Release|Any CPU.Build.0 = Release|Any CPU
		{42960AD1-0302-4274-8639-DA218F8FEB0C}.Release|x64.ActiveCfg = Release|Any CPU
		{42960AD1-0302-4274-8639-DA218F8FEB0C}.Release|x64.Build.0 = Release|Any CPU
		{42960AD1-0302-4274-8639-DA218F8FEB0C}.Release|x86.ActiveCfg = Release|Any CPU
		{42960AD1-0302-4274-8639-DA218F8FEB0C}.Release|x86.Build.0 = Release|Any CPU
		{5C87224C-9469-4594-95DD-6E462DE6A473}.Debug|Any CPU.ActiveCfg = Debug|Any CPU
		{5C87224C-9469-4594-95DD-6E462DE6A473}.Debug|Any CPU.Build.0 = Debug|Any CPU
		{5C87224C-9469-4594-95DD-6E462DE6A473}.Debug|x64.ActiveCfg = Debug|Any CPU
		{5C87224C-9469-4594-95DD-6E462DE6A473}.Debug|x64.Build.0 = Debug|Any CPU
		{5C87224C-9469-4594-95DD-6E462DE6A473}.Debug|x86.ActiveCfg = Debug|Any CPU
		{5C87224C-9469-4594-95DD-6E462DE6A473}.Debug|x86.Build.0 = Debug|Any CPU
		{5C87224C-9469-4594-95DD-6E462DE6A473}.Release|Any CPU.ActiveCfg = Release|Any CPU
		{5C87224C-9469-4594-95DD-6E462DE6A473}.Release|Any CPU.Build.0 = Release|Any CPU
		{5C87224C-9469-4594-95DD-6E462DE6A473}.Release|x64.ActiveCfg = Release|Any CPU
		{5C87224C-9469-4594-95DD-6E462DE6A473}.Release|x64.Build.0 = Release|Any CPU
		{5C87224C-9469-4594-95DD-6E462DE6A473}.Release|x86.ActiveCfg = Release|Any CPU
		{5C87224C-9469-4594-95DD-6E462DE6A473}.Release|x86.Build.0 = Release|Any CPU
		{061A6A9E-15BF-4A35-93C7-94544F155C3F}.Debug|Any CPU.ActiveCfg = Debug|Any CPU
		{061A6A9E-15BF-4A35-93C7-94544F155C3F}.Debug|Any CPU.Build.0 = Debug|Any CPU
		{061A6A9E-15BF-4A35-93C7-94544F155C3F}.Debug|x64.ActiveCfg = Debug|Any CPU
		{061A6A9E-15BF-4A35-93C7-94544F155C3F}.Debug|x64.Build.0 = Debug|Any CPU
		{061A6A9E-15BF-4A35-93C7-94544F155C3F}.Debug|x86.ActiveCfg = Debug|Any CPU
		{061A6A9E-15BF-4A35-93C7-94544F155C3F}.Debug|x86.Build.0 = Debug|Any CPU
		{061A6A9E-15BF-4A35-93C7-94544F155C3F}.Release|Any CPU.ActiveCfg = Release|Any CPU
		{061A6A9E-15BF-4A35-93C7-94544F155C3F}.Release|Any CPU.Build.0 = Release|Any CPU
		{061A6A9E-15BF-4A35-93C7-94544F155C3F}.Release|x64.ActiveCfg = Release|Any CPU
		{061A6A9E-15BF-4A35-93C7-94544F155C3F}.Release|x64.Build.0 = Release|Any CPU
		{061A6A9E-15BF-4A35-93C7-94544F155C3F}.Release|x86.ActiveCfg = Release|Any CPU
		{061A6A9E-15BF-4A35-93C7-94544F155C3F}.Release|x86.Build.0 = Release|Any CPU
		{667ADEC9-49E0-4C12-B7E0-644B3D3B835D}.Debug|Any CPU.ActiveCfg = Debug|Any CPU
		{667ADEC9-49E0-4C12-B7E0-644B3D3B835D}.Debug|Any CPU.Build.0 = Debug|Any CPU
		{667ADEC9-49E0-4C12-B7E0-644B3D3B835D}.Debug|x64.ActiveCfg = Debug|Any CPU
		{667ADEC9-49E0-4C12-B7E0-644B3D3B835D}.Debug|x64.Build.0 = Debug|Any CPU
		{667ADEC9-49E0-4C12-B7E0-644B3D3B835D}.Debug|x86.ActiveCfg = Debug|Any CPU
		{667ADEC9-49E0-4C12-B7E0-644B3D3B835D}.Debug|x86.Build.0 = Debug|Any CPU
		{667ADEC9-49E0-4C12-B7E0-644B3D3B835D}.Release|Any CPU.ActiveCfg = Release|Any CPU
		{667ADEC9-49E0-4C12-B7E0-644B3D3B835D}.Release|Any CPU.Build.0 = Release|Any CPU
		{667ADEC9-49E0-4C12-B7E0-644B3D3B835D}.Release|x64.ActiveCfg = Release|Any CPU
		{667ADEC9-49E0-4C12-B7E0-644B3D3B835D}.Release|x64.Build.0 = Release|Any CPU
		{667ADEC9-49E0-4C12-B7E0-644B3D3B835D}.Release|x86.ActiveCfg = Release|Any CPU
		{667ADEC9-49E0-4C12-B7E0-644B3D3B835D}.Release|x86.Build.0 = Release|Any CPU
		{1EFFE2B6-FC1F-45EE-9CA0-D4A77F8C4974}.Debug|Any CPU.ActiveCfg = Debug|Any CPU
		{1EFFE2B6-FC1F-45EE-9CA0-D4A77F8C4974}.Debug|Any CPU.Build.0 = Debug|Any CPU
		{1EFFE2B6-FC1F-45EE-9CA0-D4A77F8C4974}.Debug|x64.ActiveCfg = Debug|Any CPU
		{1EFFE2B6-FC1F-45EE-9CA0-D4A77F8C4974}.Debug|x64.Build.0 = Debug|Any CPU
		{1EFFE2B6-FC1F-45EE-9CA0-D4A77F8C4974}.Debug|x86.ActiveCfg = Debug|Any CPU
		{1EFFE2B6-FC1F-45EE-9CA0-D4A77F8C4974}.Debug|x86.Build.0 = Debug|Any CPU
		{1EFFE2B6-FC1F-45EE-9CA0-D4A77F8C4974}.Release|Any CPU.ActiveCfg = Release|Any CPU
		{1EFFE2B6-FC1F-45EE-9CA0-D4A77F8C4974}.Release|Any CPU.Build.0 = Release|Any CPU
		{1EFFE2B6-FC1F-45EE-9CA0-D4A77F8C4974}.Release|x64.ActiveCfg = Release|Any CPU
		{1EFFE2B6-FC1F-45EE-9CA0-D4A77F8C4974}.Release|x64.Build.0 = Release|Any CPU
		{1EFFE2B6-FC1F-45EE-9CA0-D4A77F8C4974}.Release|x86.ActiveCfg = Release|Any CPU
		{1EFFE2B6-FC1F-45EE-9CA0-D4A77F8C4974}.Release|x86.Build.0 = Release|Any CPU
		{129BBBC0-1BC5-4769-B2C3-F0433F4AAA12}.Debug|Any CPU.ActiveCfg = Debug|Any CPU
		{129BBBC0-1BC5-4769-B2C3-F0433F4AAA12}.Debug|Any CPU.Build.0 = Debug|Any CPU
		{129BBBC0-1BC5-4769-B2C3-F0433F4AAA12}.Debug|x64.ActiveCfg = Debug|Any CPU
		{129BBBC0-1BC5-4769-B2C3-F0433F4AAA12}.Debug|x64.Build.0 = Debug|Any CPU
		{129BBBC0-1BC5-4769-B2C3-F0433F4AAA12}.Debug|x86.ActiveCfg = Debug|Any CPU
		{129BBBC0-1BC5-4769-B2C3-F0433F4AAA12}.Debug|x86.Build.0 = Debug|Any CPU
		{129BBBC0-1BC5-4769-B2C3-F0433F4AAA12}.Release|Any CPU.ActiveCfg = Release|Any CPU
		{129BBBC0-1BC5-4769-B2C3-F0433F4AAA12}.Release|Any CPU.Build.0 = Release|Any CPU
		{129BBBC0-1BC5-4769-B2C3-F0433F4AAA12}.Release|x64.ActiveCfg = Release|Any CPU
		{129BBBC0-1BC5-4769-B2C3-F0433F4AAA12}.Release|x64.Build.0 = Release|Any CPU
		{129BBBC0-1BC5-4769-B2C3-F0433F4AAA12}.Release|x86.ActiveCfg = Release|Any CPU
		{129BBBC0-1BC5-4769-B2C3-F0433F4AAA12}.Release|x86.Build.0 = Release|Any CPU
		{9C4052C9-AA81-4C35-91DD-280D50847EDD}.Debug|Any CPU.ActiveCfg = Debug|Any CPU
		{9C4052C9-AA81-4C35-91DD-280D50847EDD}.Debug|Any CPU.Build.0 = Debug|Any CPU
		{9C4052C9-AA81-4C35-91DD-280D50847EDD}.Debug|x64.ActiveCfg = Debug|Any CPU
		{9C4052C9-AA81-4C35-91DD-280D50847EDD}.Debug|x64.Build.0 = Debug|Any CPU
		{9C4052C9-AA81-4C35-91DD-280D50847EDD}.Debug|x86.ActiveCfg = Debug|Any CPU
		{9C4052C9-AA81-4C35-91DD-280D50847EDD}.Debug|x86.Build.0 = Debug|Any CPU
		{9C4052C9-AA81-4C35-91DD-280D50847EDD}.Release|Any CPU.ActiveCfg = Release|Any CPU
		{9C4052C9-AA81-4C35-91DD-280D50847EDD}.Release|Any CPU.Build.0 = Release|Any CPU
		{9C4052C9-AA81-4C35-91DD-280D50847EDD}.Release|x64.ActiveCfg = Release|Any CPU
		{9C4052C9-AA81-4C35-91DD-280D50847EDD}.Release|x64.Build.0 = Release|Any CPU
		{9C4052C9-AA81-4C35-91DD-280D50847EDD}.Release|x86.ActiveCfg = Release|Any CPU
		{9C4052C9-AA81-4C35-91DD-280D50847EDD}.Release|x86.Build.0 = Release|Any CPU
		{581639C3-44ED-435B-A716-9D56BB10DDC4}.Debug|Any CPU.ActiveCfg = Debug|Any CPU
		{581639C3-44ED-435B-A716-9D56BB10DDC4}.Debug|Any CPU.Build.0 = Debug|Any CPU
		{581639C3-44ED-435B-A716-9D56BB10DDC4}.Debug|x64.ActiveCfg = Debug|Any CPU
		{581639C3-44ED-435B-A716-9D56BB10DDC4}.Debug|x64.Build.0 = Debug|Any CPU
		{581639C3-44ED-435B-A716-9D56BB10DDC4}.Debug|x86.ActiveCfg = Debug|Any CPU
		{581639C3-44ED-435B-A716-9D56BB10DDC4}.Debug|x86.Build.0 = Debug|Any CPU
		{581639C3-44ED-435B-A716-9D56BB10DDC4}.Release|Any CPU.ActiveCfg = Release|Any CPU
		{581639C3-44ED-435B-A716-9D56BB10DDC4}.Release|Any CPU.Build.0 = Release|Any CPU
		{581639C3-44ED-435B-A716-9D56BB10DDC4}.Release|x64.ActiveCfg = Release|Any CPU
		{581639C3-44ED-435B-A716-9D56BB10DDC4}.Release|x64.Build.0 = Release|Any CPU
		{581639C3-44ED-435B-A716-9D56BB10DDC4}.Release|x86.ActiveCfg = Release|Any CPU
		{581639C3-44ED-435B-A716-9D56BB10DDC4}.Release|x86.Build.0 = Release|Any CPU
		{130182F6-4D18-4793-BE08-788283CBE1B2}.Debug|Any CPU.ActiveCfg = Debug|Any CPU
		{130182F6-4D18-4793-BE08-788283CBE1B2}.Debug|Any CPU.Build.0 = Debug|Any CPU
		{130182F6-4D18-4793-BE08-788283CBE1B2}.Debug|x64.ActiveCfg = Debug|Any CPU
		{130182F6-4D18-4793-BE08-788283CBE1B2}.Debug|x64.Build.0 = Debug|Any CPU
		{130182F6-4D18-4793-BE08-788283CBE1B2}.Debug|x86.ActiveCfg = Debug|Any CPU
		{130182F6-4D18-4793-BE08-788283CBE1B2}.Debug|x86.Build.0 = Debug|Any CPU
		{130182F6-4D18-4793-BE08-788283CBE1B2}.Release|Any CPU.ActiveCfg = Release|Any CPU
		{130182F6-4D18-4793-BE08-788283CBE1B2}.Release|Any CPU.Build.0 = Release|Any CPU
		{130182F6-4D18-4793-BE08-788283CBE1B2}.Release|x64.ActiveCfg = Release|Any CPU
		{130182F6-4D18-4793-BE08-788283CBE1B2}.Release|x64.Build.0 = Release|Any CPU
		{130182F6-4D18-4793-BE08-788283CBE1B2}.Release|x86.ActiveCfg = Release|Any CPU
		{130182F6-4D18-4793-BE08-788283CBE1B2}.Release|x86.Build.0 = Release|Any CPU
		{F7C5BCBA-B9B9-49C0-B2C6-5A5644271D17}.Debug|Any CPU.ActiveCfg = Debug|Any CPU
		{F7C5BCBA-B9B9-49C0-B2C6-5A5644271D17}.Debug|Any CPU.Build.0 = Debug|Any CPU
		{F7C5BCBA-B9B9-49C0-B2C6-5A5644271D17}.Debug|x64.ActiveCfg = Debug|Any CPU
		{F7C5BCBA-B9B9-49C0-B2C6-5A5644271D17}.Debug|x64.Build.0 = Debug|Any CPU
		{F7C5BCBA-B9B9-49C0-B2C6-5A5644271D17}.Debug|x86.ActiveCfg = Debug|Any CPU
		{F7C5BCBA-B9B9-49C0-B2C6-5A5644271D17}.Debug|x86.Build.0 = Debug|Any CPU
		{F7C5BCBA-B9B9-49C0-B2C6-5A5644271D17}.Release|Any CPU.ActiveCfg = Release|Any CPU
		{F7C5BCBA-B9B9-49C0-B2C6-5A5644271D17}.Release|Any CPU.Build.0 = Release|Any CPU
		{F7C5BCBA-B9B9-49C0-B2C6-5A5644271D17}.Release|x64.ActiveCfg = Release|Any CPU
		{F7C5BCBA-B9B9-49C0-B2C6-5A5644271D17}.Release|x64.Build.0 = Release|Any CPU
		{F7C5BCBA-B9B9-49C0-B2C6-5A5644271D17}.Release|x86.ActiveCfg = Release|Any CPU
		{F7C5BCBA-B9B9-49C0-B2C6-5A5644271D17}.Release|x86.Build.0 = Release|Any CPU
		{584ECD13-CC7E-4C8A-82BA-B2BCCAC249B9}.Debug|Any CPU.ActiveCfg = Debug|Any CPU
		{584ECD13-CC7E-4C8A-82BA-B2BCCAC249B9}.Debug|Any CPU.Build.0 = Debug|Any CPU
		{584ECD13-CC7E-4C8A-82BA-B2BCCAC249B9}.Debug|x64.ActiveCfg = Debug|Any CPU
		{584ECD13-CC7E-4C8A-82BA-B2BCCAC249B9}.Debug|x64.Build.0 = Debug|Any CPU
		{584ECD13-CC7E-4C8A-82BA-B2BCCAC249B9}.Debug|x86.ActiveCfg = Debug|Any CPU
		{584ECD13-CC7E-4C8A-82BA-B2BCCAC249B9}.Debug|x86.Build.0 = Debug|Any CPU
		{584ECD13-CC7E-4C8A-82BA-B2BCCAC249B9}.Release|Any CPU.ActiveCfg = Release|Any CPU
		{584ECD13-CC7E-4C8A-82BA-B2BCCAC249B9}.Release|Any CPU.Build.0 = Release|Any CPU
		{584ECD13-CC7E-4C8A-82BA-B2BCCAC249B9}.Release|x64.ActiveCfg = Release|Any CPU
		{584ECD13-CC7E-4C8A-82BA-B2BCCAC249B9}.Release|x64.Build.0 = Release|Any CPU
		{584ECD13-CC7E-4C8A-82BA-B2BCCAC249B9}.Release|x86.ActiveCfg = Release|Any CPU
		{584ECD13-CC7E-4C8A-82BA-B2BCCAC249B9}.Release|x86.Build.0 = Release|Any CPU
		{3D5F0C1F-FEDC-4E09-A605-44DB709F181D}.Debug|Any CPU.ActiveCfg = Debug|Any CPU
		{3D5F0C1F-FEDC-4E09-A605-44DB709F181D}.Debug|Any CPU.Build.0 = Debug|Any CPU
		{3D5F0C1F-FEDC-4E09-A605-44DB709F181D}.Debug|x64.ActiveCfg = Debug|Any CPU
		{3D5F0C1F-FEDC-4E09-A605-44DB709F181D}.Debug|x64.Build.0 = Debug|Any CPU
		{3D5F0C1F-FEDC-4E09-A605-44DB709F181D}.Debug|x86.ActiveCfg = Debug|Any CPU
		{3D5F0C1F-FEDC-4E09-A605-44DB709F181D}.Debug|x86.Build.0 = Debug|Any CPU
		{3D5F0C1F-FEDC-4E09-A605-44DB709F181D}.Release|Any CPU.ActiveCfg = Release|Any CPU
		{3D5F0C1F-FEDC-4E09-A605-44DB709F181D}.Release|Any CPU.Build.0 = Release|Any CPU
		{3D5F0C1F-FEDC-4E09-A605-44DB709F181D}.Release|x64.ActiveCfg = Release|Any CPU
		{3D5F0C1F-FEDC-4E09-A605-44DB709F181D}.Release|x64.Build.0 = Release|Any CPU
		{3D5F0C1F-FEDC-4E09-A605-44DB709F181D}.Release|x86.ActiveCfg = Release|Any CPU
		{3D5F0C1F-FEDC-4E09-A605-44DB709F181D}.Release|x86.Build.0 = Release|Any CPU
		{0A2542C7-9274-4EDE-A4B2-C76BEEA1794F}.Debug|Any CPU.ActiveCfg = Debug|Any CPU
		{0A2542C7-9274-4EDE-A4B2-C76BEEA1794F}.Debug|Any CPU.Build.0 = Debug|Any CPU
		{0A2542C7-9274-4EDE-A4B2-C76BEEA1794F}.Debug|x64.ActiveCfg = Debug|Any CPU
		{0A2542C7-9274-4EDE-A4B2-C76BEEA1794F}.Debug|x64.Build.0 = Debug|Any CPU
		{0A2542C7-9274-4EDE-A4B2-C76BEEA1794F}.Debug|x86.ActiveCfg = Debug|Any CPU
		{0A2542C7-9274-4EDE-A4B2-C76BEEA1794F}.Debug|x86.Build.0 = Debug|Any CPU
		{0A2542C7-9274-4EDE-A4B2-C76BEEA1794F}.Release|Any CPU.ActiveCfg = Release|Any CPU
		{0A2542C7-9274-4EDE-A4B2-C76BEEA1794F}.Release|Any CPU.Build.0 = Release|Any CPU
		{0A2542C7-9274-4EDE-A4B2-C76BEEA1794F}.Release|x64.ActiveCfg = Release|Any CPU
		{0A2542C7-9274-4EDE-A4B2-C76BEEA1794F}.Release|x64.Build.0 = Release|Any CPU
		{0A2542C7-9274-4EDE-A4B2-C76BEEA1794F}.Release|x86.ActiveCfg = Release|Any CPU
		{0A2542C7-9274-4EDE-A4B2-C76BEEA1794F}.Release|x86.Build.0 = Release|Any CPU
		{26B97C9C-21A5-449D-918C-F3E704E7DAE9}.Debug|Any CPU.ActiveCfg = Debug|Any CPU
		{26B97C9C-21A5-449D-918C-F3E704E7DAE9}.Debug|Any CPU.Build.0 = Debug|Any CPU
		{26B97C9C-21A5-449D-918C-F3E704E7DAE9}.Debug|x64.ActiveCfg = Debug|Any CPU
		{26B97C9C-21A5-449D-918C-F3E704E7DAE9}.Debug|x64.Build.0 = Debug|Any CPU
		{26B97C9C-21A5-449D-918C-F3E704E7DAE9}.Debug|x86.ActiveCfg = Debug|Any CPU
		{26B97C9C-21A5-449D-918C-F3E704E7DAE9}.Debug|x86.Build.0 = Debug|Any CPU
		{26B97C9C-21A5-449D-918C-F3E704E7DAE9}.Release|Any CPU.ActiveCfg = Release|Any CPU
		{26B97C9C-21A5-449D-918C-F3E704E7DAE9}.Release|Any CPU.Build.0 = Release|Any CPU
		{26B97C9C-21A5-449D-918C-F3E704E7DAE9}.Release|x64.ActiveCfg = Release|Any CPU
		{26B97C9C-21A5-449D-918C-F3E704E7DAE9}.Release|x64.Build.0 = Release|Any CPU
		{26B97C9C-21A5-449D-918C-F3E704E7DAE9}.Release|x86.ActiveCfg = Release|Any CPU
		{26B97C9C-21A5-449D-918C-F3E704E7DAE9}.Release|x86.Build.0 = Release|Any CPU
		{EDA19AA6-9F8F-4B0A-91E1-BEE28195B618}.Debug|Any CPU.ActiveCfg = Debug|Any CPU
		{EDA19AA6-9F8F-4B0A-91E1-BEE28195B618}.Debug|Any CPU.Build.0 = Debug|Any CPU
		{EDA19AA6-9F8F-4B0A-91E1-BEE28195B618}.Debug|x64.ActiveCfg = Debug|Any CPU
		{EDA19AA6-9F8F-4B0A-91E1-BEE28195B618}.Debug|x64.Build.0 = Debug|Any CPU
		{EDA19AA6-9F8F-4B0A-91E1-BEE28195B618}.Debug|x86.ActiveCfg = Debug|Any CPU
		{EDA19AA6-9F8F-4B0A-91E1-BEE28195B618}.Debug|x86.Build.0 = Debug|Any CPU
		{EDA19AA6-9F8F-4B0A-91E1-BEE28195B618}.Release|Any CPU.ActiveCfg = Release|Any CPU
		{EDA19AA6-9F8F-4B0A-91E1-BEE28195B618}.Release|Any CPU.Build.0 = Release|Any CPU
		{EDA19AA6-9F8F-4B0A-91E1-BEE28195B618}.Release|x64.ActiveCfg = Release|Any CPU
		{EDA19AA6-9F8F-4B0A-91E1-BEE28195B618}.Release|x64.Build.0 = Release|Any CPU
		{EDA19AA6-9F8F-4B0A-91E1-BEE28195B618}.Release|x86.ActiveCfg = Release|Any CPU
		{EDA19AA6-9F8F-4B0A-91E1-BEE28195B618}.Release|x86.Build.0 = Release|Any CPU
		{28F9EA77-FAAC-44CA-BDBE-BB75AAD6B44D}.Debug|Any CPU.ActiveCfg = Debug|Any CPU
		{28F9EA77-FAAC-44CA-BDBE-BB75AAD6B44D}.Debug|Any CPU.Build.0 = Debug|Any CPU
		{28F9EA77-FAAC-44CA-BDBE-BB75AAD6B44D}.Debug|x64.ActiveCfg = Debug|Any CPU
		{28F9EA77-FAAC-44CA-BDBE-BB75AAD6B44D}.Debug|x64.Build.0 = Debug|Any CPU
		{28F9EA77-FAAC-44CA-BDBE-BB75AAD6B44D}.Debug|x86.ActiveCfg = Debug|Any CPU
		{28F9EA77-FAAC-44CA-BDBE-BB75AAD6B44D}.Debug|x86.Build.0 = Debug|Any CPU
		{28F9EA77-FAAC-44CA-BDBE-BB75AAD6B44D}.Release|Any CPU.ActiveCfg = Release|Any CPU
		{28F9EA77-FAAC-44CA-BDBE-BB75AAD6B44D}.Release|Any CPU.Build.0 = Release|Any CPU
		{28F9EA77-FAAC-44CA-BDBE-BB75AAD6B44D}.Release|x64.ActiveCfg = Release|Any CPU
		{28F9EA77-FAAC-44CA-BDBE-BB75AAD6B44D}.Release|x64.Build.0 = Release|Any CPU
		{28F9EA77-FAAC-44CA-BDBE-BB75AAD6B44D}.Release|x86.ActiveCfg = Release|Any CPU
		{28F9EA77-FAAC-44CA-BDBE-BB75AAD6B44D}.Release|x86.Build.0 = Release|Any CPU
		{BC74FB2B-6F6A-4287-9A9F-70469FB36632}.Debug|Any CPU.ActiveCfg = Debug|Any CPU
		{BC74FB2B-6F6A-4287-9A9F-70469FB36632}.Debug|Any CPU.Build.0 = Debug|Any CPU
		{BC74FB2B-6F6A-4287-9A9F-70469FB36632}.Debug|x64.ActiveCfg = Debug|Any CPU
		{BC74FB2B-6F6A-4287-9A9F-70469FB36632}.Debug|x64.Build.0 = Debug|Any CPU
		{BC74FB2B-6F6A-4287-9A9F-70469FB36632}.Debug|x86.ActiveCfg = Debug|Any CPU
		{BC74FB2B-6F6A-4287-9A9F-70469FB36632}.Debug|x86.Build.0 = Debug|Any CPU
		{BC74FB2B-6F6A-4287-9A9F-70469FB36632}.Release|Any CPU.ActiveCfg = Release|Any CPU
		{BC74FB2B-6F6A-4287-9A9F-70469FB36632}.Release|Any CPU.Build.0 = Release|Any CPU
		{BC74FB2B-6F6A-4287-9A9F-70469FB36632}.Release|x64.ActiveCfg = Release|Any CPU
		{BC74FB2B-6F6A-4287-9A9F-70469FB36632}.Release|x64.Build.0 = Release|Any CPU
		{BC74FB2B-6F6A-4287-9A9F-70469FB36632}.Release|x86.ActiveCfg = Release|Any CPU
		{BC74FB2B-6F6A-4287-9A9F-70469FB36632}.Release|x86.Build.0 = Release|Any CPU
		{9358B96D-775B-4BD0-BCBD-031EC760E319}.Debug|Any CPU.ActiveCfg = Debug|Any CPU
		{9358B96D-775B-4BD0-BCBD-031EC760E319}.Debug|Any CPU.Build.0 = Debug|Any CPU
		{9358B96D-775B-4BD0-BCBD-031EC760E319}.Debug|x64.ActiveCfg = Debug|Any CPU
		{9358B96D-775B-4BD0-BCBD-031EC760E319}.Debug|x64.Build.0 = Debug|Any CPU
		{9358B96D-775B-4BD0-BCBD-031EC760E319}.Debug|x86.ActiveCfg = Debug|Any CPU
		{9358B96D-775B-4BD0-BCBD-031EC760E319}.Debug|x86.Build.0 = Debug|Any CPU
		{9358B96D-775B-4BD0-BCBD-031EC760E319}.Release|Any CPU.ActiveCfg = Release|Any CPU
		{9358B96D-775B-4BD0-BCBD-031EC760E319}.Release|Any CPU.Build.0 = Release|Any CPU
		{9358B96D-775B-4BD0-BCBD-031EC760E319}.Release|x64.ActiveCfg = Release|Any CPU
		{9358B96D-775B-4BD0-BCBD-031EC760E319}.Release|x64.Build.0 = Release|Any CPU
		{9358B96D-775B-4BD0-BCBD-031EC760E319}.Release|x86.ActiveCfg = Release|Any CPU
		{9358B96D-775B-4BD0-BCBD-031EC760E319}.Release|x86.Build.0 = Release|Any CPU
		{8409A32E-3AED-47A6-ABAE-A822BCE89180}.Debug|Any CPU.ActiveCfg = Debug|Any CPU
		{8409A32E-3AED-47A6-ABAE-A822BCE89180}.Debug|Any CPU.Build.0 = Debug|Any CPU
		{8409A32E-3AED-47A6-ABAE-A822BCE89180}.Debug|x64.ActiveCfg = Debug|Any CPU
		{8409A32E-3AED-47A6-ABAE-A822BCE89180}.Debug|x64.Build.0 = Debug|Any CPU
		{8409A32E-3AED-47A6-ABAE-A822BCE89180}.Debug|x86.ActiveCfg = Debug|Any CPU
		{8409A32E-3AED-47A6-ABAE-A822BCE89180}.Debug|x86.Build.0 = Debug|Any CPU
		{8409A32E-3AED-47A6-ABAE-A822BCE89180}.Release|Any CPU.ActiveCfg = Release|Any CPU
		{8409A32E-3AED-47A6-ABAE-A822BCE89180}.Release|Any CPU.Build.0 = Release|Any CPU
		{8409A32E-3AED-47A6-ABAE-A822BCE89180}.Release|x64.ActiveCfg = Release|Any CPU
		{8409A32E-3AED-47A6-ABAE-A822BCE89180}.Release|x64.Build.0 = Release|Any CPU
		{8409A32E-3AED-47A6-ABAE-A822BCE89180}.Release|x86.ActiveCfg = Release|Any CPU
		{8409A32E-3AED-47A6-ABAE-A822BCE89180}.Release|x86.Build.0 = Release|Any CPU
		{F762E031-673A-4E1D-B4BA-AC83E2382F96}.Debug|Any CPU.ActiveCfg = Debug|Any CPU
		{F762E031-673A-4E1D-B4BA-AC83E2382F96}.Debug|Any CPU.Build.0 = Debug|Any CPU
		{F762E031-673A-4E1D-B4BA-AC83E2382F96}.Debug|x64.ActiveCfg = Debug|Any CPU
		{F762E031-673A-4E1D-B4BA-AC83E2382F96}.Debug|x64.Build.0 = Debug|Any CPU
		{F762E031-673A-4E1D-B4BA-AC83E2382F96}.Debug|x86.ActiveCfg = Debug|Any CPU
		{F762E031-673A-4E1D-B4BA-AC83E2382F96}.Debug|x86.Build.0 = Debug|Any CPU
		{F762E031-673A-4E1D-B4BA-AC83E2382F96}.Release|Any CPU.ActiveCfg = Release|Any CPU
		{F762E031-673A-4E1D-B4BA-AC83E2382F96}.Release|Any CPU.Build.0 = Release|Any CPU
		{F762E031-673A-4E1D-B4BA-AC83E2382F96}.Release|x64.ActiveCfg = Release|Any CPU
		{F762E031-673A-4E1D-B4BA-AC83E2382F96}.Release|x64.Build.0 = Release|Any CPU
		{F762E031-673A-4E1D-B4BA-AC83E2382F96}.Release|x86.ActiveCfg = Release|Any CPU
		{F762E031-673A-4E1D-B4BA-AC83E2382F96}.Release|x86.Build.0 = Release|Any CPU
		{01AD03F9-BF33-4BE4-A40B-F3CD30542849}.Debug|Any CPU.ActiveCfg = Debug|Any CPU
		{01AD03F9-BF33-4BE4-A40B-F3CD30542849}.Debug|Any CPU.Build.0 = Debug|Any CPU
		{01AD03F9-BF33-4BE4-A40B-F3CD30542849}.Debug|x64.ActiveCfg = Debug|Any CPU
		{01AD03F9-BF33-4BE4-A40B-F3CD30542849}.Debug|x64.Build.0 = Debug|Any CPU
		{01AD03F9-BF33-4BE4-A40B-F3CD30542849}.Debug|x86.ActiveCfg = Debug|Any CPU
		{01AD03F9-BF33-4BE4-A40B-F3CD30542849}.Debug|x86.Build.0 = Debug|Any CPU
		{01AD03F9-BF33-4BE4-A40B-F3CD30542849}.Release|Any CPU.ActiveCfg = Release|Any CPU
		{01AD03F9-BF33-4BE4-A40B-F3CD30542849}.Release|Any CPU.Build.0 = Release|Any CPU
		{01AD03F9-BF33-4BE4-A40B-F3CD30542849}.Release|x64.ActiveCfg = Release|Any CPU
		{01AD03F9-BF33-4BE4-A40B-F3CD30542849}.Release|x64.Build.0 = Release|Any CPU
		{01AD03F9-BF33-4BE4-A40B-F3CD30542849}.Release|x86.ActiveCfg = Release|Any CPU
		{01AD03F9-BF33-4BE4-A40B-F3CD30542849}.Release|x86.Build.0 = Release|Any CPU
		{42A449F8-6112-4B72-88A8-007E4F55D3B6}.Debug|Any CPU.ActiveCfg = Debug|Any CPU
		{42A449F8-6112-4B72-88A8-007E4F55D3B6}.Debug|Any CPU.Build.0 = Debug|Any CPU
		{42A449F8-6112-4B72-88A8-007E4F55D3B6}.Debug|x64.ActiveCfg = Debug|Any CPU
		{42A449F8-6112-4B72-88A8-007E4F55D3B6}.Debug|x64.Build.0 = Debug|Any CPU
		{42A449F8-6112-4B72-88A8-007E4F55D3B6}.Debug|x86.ActiveCfg = Debug|Any CPU
		{42A449F8-6112-4B72-88A8-007E4F55D3B6}.Debug|x86.Build.0 = Debug|Any CPU
		{42A449F8-6112-4B72-88A8-007E4F55D3B6}.Release|Any CPU.ActiveCfg = Release|Any CPU
		{42A449F8-6112-4B72-88A8-007E4F55D3B6}.Release|Any CPU.Build.0 = Release|Any CPU
		{42A449F8-6112-4B72-88A8-007E4F55D3B6}.Release|x64.ActiveCfg = Release|Any CPU
		{42A449F8-6112-4B72-88A8-007E4F55D3B6}.Release|x64.Build.0 = Release|Any CPU
		{42A449F8-6112-4B72-88A8-007E4F55D3B6}.Release|x86.ActiveCfg = Release|Any CPU
		{42A449F8-6112-4B72-88A8-007E4F55D3B6}.Release|x86.Build.0 = Release|Any CPU
		{9A2F5AD5-6CD8-430A-938D-C47F8D42646D}.Debug|Any CPU.ActiveCfg = Debug|Any CPU
		{9A2F5AD5-6CD8-430A-938D-C47F8D42646D}.Debug|Any CPU.Build.0 = Debug|Any CPU
		{9A2F5AD5-6CD8-430A-938D-C47F8D42646D}.Debug|x64.ActiveCfg = Debug|Any CPU
		{9A2F5AD5-6CD8-430A-938D-C47F8D42646D}.Debug|x64.Build.0 = Debug|Any CPU
		{9A2F5AD5-6CD8-430A-938D-C47F8D42646D}.Debug|x86.ActiveCfg = Debug|Any CPU
		{9A2F5AD5-6CD8-430A-938D-C47F8D42646D}.Debug|x86.Build.0 = Debug|Any CPU
		{9A2F5AD5-6CD8-430A-938D-C47F8D42646D}.Release|Any CPU.ActiveCfg = Release|Any CPU
		{9A2F5AD5-6CD8-430A-938D-C47F8D42646D}.Release|Any CPU.Build.0 = Release|Any CPU
		{9A2F5AD5-6CD8-430A-938D-C47F8D42646D}.Release|x64.ActiveCfg = Release|Any CPU
		{9A2F5AD5-6CD8-430A-938D-C47F8D42646D}.Release|x64.Build.0 = Release|Any CPU
		{9A2F5AD5-6CD8-430A-938D-C47F8D42646D}.Release|x86.ActiveCfg = Release|Any CPU
		{9A2F5AD5-6CD8-430A-938D-C47F8D42646D}.Release|x86.Build.0 = Release|Any CPU
	EndGlobalSection
	GlobalSection(SolutionProperties) = preSolution
		HideSolutionNode = FALSE
	EndGlobalSection
	GlobalSection(NestedProjects) = preSolution
		{A8239548-6E80-43F3-ADA2-950E25B273B3} = {319DFFD4-5C78-4508-9CB3-0BB8072B4E1F}
		{492E3D48-880D-4A51-9543-364359E88CF7} = {A8239548-6E80-43F3-ADA2-950E25B273B3}
		{BD023EA0-5F4E-45C7-9FB3-46F797093710} = {A8239548-6E80-43F3-ADA2-950E25B273B3}
		{97F06067-CAF5-4C5E-A843-B0058C0FE339} = {A8239548-6E80-43F3-ADA2-950E25B273B3}
		{53795E0E-3206-4903-8EDE-1728EC28107F} = {A8239548-6E80-43F3-ADA2-950E25B273B3}
		{AB51AB09-3BBE-4ED5-A453-1454C86E415E} = {0A2F266E-59E0-4603-9974-713EEAD400B0}
		{EBDFF4AE-982A-4E03-B867-080FB33869D8} = {AB51AB09-3BBE-4ED5-A453-1454C86E415E}
		{B0CA9AEA-5552-4F28-944F-8CAF3FCF55AE} = {AB51AB09-3BBE-4ED5-A453-1454C86E415E}
		{A6091336-F461-43C4-A98D-30AB04A5711E} = {AB51AB09-3BBE-4ED5-A453-1454C86E415E}
		{5B85A6E1-71C6-40B2-93DA-6BA37719D647} = {AB51AB09-3BBE-4ED5-A453-1454C86E415E}
		{17FBFE8C-486B-4356-8F20-8EC47F0B41E8} = {5D5A559D-416D-4FE6-95CB-FE74A4C9B9F3}
		{5C87224C-9469-4594-95DD-6E462DE6A473} = {17FBFE8C-486B-4356-8F20-8EC47F0B41E8}
		{061A6A9E-15BF-4A35-93C7-94544F155C3F} = {17FBFE8C-486B-4356-8F20-8EC47F0B41E8}
		{667ADEC9-49E0-4C12-B7E0-644B3D3B835D} = {17FBFE8C-486B-4356-8F20-8EC47F0B41E8}
		{1EFFE2B6-FC1F-45EE-9CA0-D4A77F8C4974} = {17FBFE8C-486B-4356-8F20-8EC47F0B41E8}
		{85115193-7767-4C55-8A02-8EA6AC987C8B} = {7BCDD2B1-E753-4CE9-87CA-B9DD9BBEF348}
		{644D0020-7168-49B3-BBE4-6618209AB562} = {7BCDD2B1-E753-4CE9-87CA-B9DD9BBEF348}
		{129BBBC0-1BC5-4769-B2C3-F0433F4AAA12} = {85115193-7767-4C55-8A02-8EA6AC987C8B}
		{9C4052C9-AA81-4C35-91DD-280D50847EDD} = {85115193-7767-4C55-8A02-8EA6AC987C8B}
		{581639C3-44ED-435B-A716-9D56BB10DDC4} = {85115193-7767-4C55-8A02-8EA6AC987C8B}
		{130182F6-4D18-4793-BE08-788283CBE1B2} = {85115193-7767-4C55-8A02-8EA6AC987C8B}
		{29B3AAD0-F078-4D58-9BF1-B6DA2376A286} = {EFACA27B-7EBB-40FA-8DD6-CDA92545F7AA}
		{F7C5BCBA-B9B9-49C0-B2C6-5A5644271D17} = {29B3AAD0-F078-4D58-9BF1-B6DA2376A286}
		{584ECD13-CC7E-4C8A-82BA-B2BCCAC249B9} = {29B3AAD0-F078-4D58-9BF1-B6DA2376A286}
		{3D5F0C1F-FEDC-4E09-A605-44DB709F181D} = {29B3AAD0-F078-4D58-9BF1-B6DA2376A286}
		{0A2542C7-9274-4EDE-A4B2-C76BEEA1794F} = {29B3AAD0-F078-4D58-9BF1-B6DA2376A286}
		{B77A3EE0-CDDF-42E7-A36C-A0253A559FFE} = {EDB236FE-BA87-4B34-A0BF-43E21B738FFE}
		{2F63C188-C1AD-4EBF-B6F7-C517F7F10A93} = {EDB236FE-BA87-4B34-A0BF-43E21B738FFE}
		{26B97C9C-21A5-449D-918C-F3E704E7DAE9} = {B77A3EE0-CDDF-42E7-A36C-A0253A559FFE}
		{EDA19AA6-9F8F-4B0A-91E1-BEE28195B618} = {B77A3EE0-CDDF-42E7-A36C-A0253A559FFE}
		{28F9EA77-FAAC-44CA-BDBE-BB75AAD6B44D} = {B77A3EE0-CDDF-42E7-A36C-A0253A559FFE}
		{BC74FB2B-6F6A-4287-9A9F-70469FB36632} = {B77A3EE0-CDDF-42E7-A36C-A0253A559FFE}
		{9358B96D-775B-4BD0-BCBD-031EC760E319} = {2F63C188-C1AD-4EBF-B6F7-C517F7F10A93}
		{0228A7B5-2D43-A9CC-6576-9285F3BF68D5} = {9E37C095-683F-AD5C-F707-04737D59D022}
		{8409A32E-3AED-47A6-ABAE-A822BCE89180} = {0228A7B5-2D43-A9CC-6576-9285F3BF68D5}
		{F762E031-673A-4E1D-B4BA-AC83E2382F96} = {0228A7B5-2D43-A9CC-6576-9285F3BF68D5}
		{01AD03F9-BF33-4BE4-A40B-F3CD30542849} = {0228A7B5-2D43-A9CC-6576-9285F3BF68D5}
		{42A449F8-6112-4B72-88A8-007E4F55D3B6} = {0228A7B5-2D43-A9CC-6576-9285F3BF68D5}
		{9A2F5AD5-6CD8-430A-938D-C47F8D42646D} = {0228A7B5-2D43-A9CC-6576-9285F3BF68D5}
	EndGlobalSection
EndGlobal
